
DEPENDENCIES: 
- ActionSheetPicker
- CustomBadge
- FlurrySDK
- GRMustache
- OAuthConsumer (from `https://github.com/worklist/oauthconsumer')
- RestKit (from `https://github.com/RestKit/RestKit.git', branch `development')
- SSKeychain
- SVProgressHUD (= 0.7)
- SVPullToRefresh
- TPKeyboardAvoiding
- TestFlightSDK
- UIImage-Categories (from `https://github.com/worklist/UIImage-Categories')
- UrbanAirship-iOS-SDK
- uservoice-iphone-sdk

PODS: 
- AFNetworking (1.0)
- ActionSheetPicker (0.0.1)
- CustomBadge (2.0)
- FlurrySDK (4.0.5)
- GRMustache (6.1.0): 
  - JRSwizzle (~> 1.0)
- JRSwizzle (1.0)
- OAuthConsumer (1.0)
- RestKit (0.20.0dev): 
  - RestKit/Core (= 0.20.0dev)
- RestKit/Core (0.20.0dev): 
  - RestKit/CoreData
  - RestKit/Network
  - RestKit/ObjectMapping
- RestKit/CoreData (0.20.0dev)
- RestKit/Network (0.20.0dev): 
  - AFNetworking (= 1.0)
  - RestKit/ObjectMapping
  - RestKit/Support
  - SOCKit
- RestKit/ObjectMapping (0.20.0dev)
- RestKit/Support (0.20.0dev)
- SOCKit (1.1)
- SSKeychain (0.1.4)
- SVProgressHUD (0.7)
- SVPullToRefresh (0.3)
- TPKeyboardAvoiding (0.0.1)
- TestFlightSDK (1.2.beta2)
- UIImage-Categories (1.0)
- UrbanAirship-iOS-SDK (1.3.3)
- uservoice-iphone-sdk (1.2.2)

SPEC CHECKSUMS: 
  TestFlightSDK: 5e99e21c11d7f4447171bf787b256062d4405f23
  RestKit: 99ffc129fb9eb0c7472ed6230b2c2df81ddb0eff
  AFNetworking: 758a1cb1ab5a0d22795ba1c44abb9cad395bc126
  TPKeyboardAvoiding: 129e3c55ac9165d0692e66f02fd1f611d917ec1a
  RestKit/Support: 99ffc129fb9eb0c7472ed6230b2c2df81ddb0eff
  SOCKit: 179515c1a621dd5652a60e9be02ea4adcd25bc9b
  SVPullToRefresh: f6047698fc0530e9ab42266fce4dc1882e718d0e
  SVProgressHUD: f37a38ee4d9f9a8d57f2f22c702f994ecc59a364
  ActionSheetPicker: f47931cfb6bc65230b323326964fccb4ad339f37
  UrbanAirship-iOS-SDK: aedc5f41dabb77b52db1e2ff5ad26773d945f368
  OAuthConsumer: 6f839fa948d2bf4a706d007ebe827f2284382edb
  JRSwizzle: 6242ff38485d870fc2636899048ee1ab883ae587
  FlurrySDK: 75dec170404f5cb8344d2097b7e8df23a6ca9325
  UIImage-Categories: d4c0767451b02331163b8dd8c12986e459c55d08
  GRMustache: f28109fb0dcf13ce528428964d3c5921349a572a
  uservoice-iphone-sdk: 42adef25011a5975dbbd22dd13ae465aeeb32914
  RestKit/ObjectMapping: 99ffc129fb9eb0c7472ed6230b2c2df81ddb0eff
  RestKit/Network: 99ffc129fb9eb0c7472ed6230b2c2df81ddb0eff
  RestKit/CoreData: 99ffc129fb9eb0c7472ed6230b2c2df81ddb0eff
  SSKeychain: a81ff6b65eb5e8fc1fddecf11fe167dba81d4314
  RestKit/Core: 99ffc129fb9eb0c7472ed6230b2c2df81ddb0eff
  CustomBadge: 07ca87331a9644bc355963ff47c9d1b1f2516acf

EXTERNAL SOURCES: 
  RestKit: 
    :git: https://github.com/RestKit/RestKit.git
    :branch: development
  OAuthConsumer: 
    :git: https://github.com/worklist/oauthconsumer
  UIImage-Categories: 
    :git: https://github.com/worklist/UIImage-Categories

COCOAPODS: 0.15.2
