
PODS: 
- AFNetworking (1.0)
- ActionSheetPicker (0.0.1)
- CustomBadge (2.0)
- RestKit (0.20.0dev): 
  - RestKit/Core (= 0.20.0dev)
- RestKit/Core (0.20.0dev): 
  - RestKit/CoreData
  - RestKit/Network
  - RestKit/ObjectMapping
- RestKit/CoreData (0.20.0dev)
- RestKit/Network (0.20.0dev): 
  - AFNetworking (= 1.0)
  - RestKit/ObjectMapping
  - RestKit/Support
  - SOCKit
- RestKit/ObjectMapping (0.20.0dev)
- RestKit/Support (0.20.0dev)
- SOCKit (1.1)
- UrbanAirship-iOS-SDK (1.3.3)

COCOAPODS: 0.15.2

SPEC CHECKSUMS: 
  RestKit/Network: 99ffc129fb9eb0c7472ed6230b2c2df81ddb0eff
  RestKit/Support: 99ffc129fb9eb0c7472ed6230b2c2df81ddb0eff
  UrbanAirship-iOS-SDK: aedc5f41dabb77b52db1e2ff5ad26773d945f368
  SOCKit: 179515c1a621dd5652a60e9be02ea4adcd25bc9b
  CustomBadge: 07ca87331a9644bc355963ff47c9d1b1f2516acf
  RestKit/ObjectMapping: 99ffc129fb9eb0c7472ed6230b2c2df81ddb0eff
  RestKit/CoreData: 99ffc129fb9eb0c7472ed6230b2c2df81ddb0eff
  AFNetworking: 758a1cb1ab5a0d22795ba1c44abb9cad395bc126
  RestKit: 99ffc129fb9eb0c7472ed6230b2c2df81ddb0eff
  RestKit/Core: 99ffc129fb9eb0c7472ed6230b2c2df81ddb0eff
  ActionSheetPicker: f47931cfb6bc65230b323326964fccb4ad339f37

DEPENDENCIES: 
- ActionSheetPicker
- CustomBadge
- RestKit (from `https://github.com/RestKit/RestKit.git', branch `development')
- UrbanAirship-iOS-SDK

EXTERNAL SOURCES: 
  RestKit: 
    :git: https://github.com/RestKit/RestKit.git
    :branch: development
