// !$*UTF8*$!
{
	archiveVersion = 1;
	classes = {
	};
	objectVersion = 46;
	objects = {

/* Begin PBXBuildFile section */
		32C762EF14BEAD1D00FE25E4 /* refresh.png in Resources */ = {isa = PBXBuildFile; fileRef = 32C762ED14BEAD1D00FE25E4 /* refresh.png */; };
		32C762F014BEAD1D00FE25E4 /* refresh@2x.png in Resources */ = {isa = PBXBuildFile; fileRef = 32C762EE14BEAD1D00FE25E4 /* refresh@2x.png */; };
		32C762F814BEB48500FE25E4 /* UserListTableViewController.m in Sources */ = {isa = PBXBuildFile; fileRef = 32C762F714BEB48500FE25E4 /* UserListTableViewController.m */; };
		32E3CD8614C39B94001EA2AB /* UserTableViewCell.m in Sources */ = {isa = PBXBuildFile; fileRef = 32E3CD8414C39B94001EA2AB /* UserTableViewCell.m */; };
		32E3CD8714C39B94001EA2AB /* UserTableViewCell.xib in Resources */ = {isa = PBXBuildFile; fileRef = 32E3CD8514C39B94001EA2AB /* UserTableViewCell.xib */; };
		32E3CD9014C3AAA5001EA2AB /* WebView.xib in Resources */ = {isa = PBXBuildFile; fileRef = 32E3CD8D14C3AAA5001EA2AB /* WebView.xib */; };
		32E3CD9114C3AAA5001EA2AB /* WebViewController.m in Sources */ = {isa = PBXBuildFile; fileRef = 32E3CD8F14C3AAA5001EA2AB /* WebViewController.m */; };
		32FF63D414BB935100E99F55 /* CheckInListTableViewController.m in Sources */ = {isa = PBXBuildFile; fileRef = 32FF63D314BB935100E99F55 /* CheckInListTableViewController.m */; };
		32FF63DC14BBE71B00E99F55 /* CheckInDetailsViewController.m in Sources */ = {isa = PBXBuildFile; fileRef = 32FF63DA14BBE71A00E99F55 /* CheckInDetailsViewController.m */; };
		32FF63DD14BBE71B00E99F55 /* CheckInDetailsViewController.xib in Resources */ = {isa = PBXBuildFile; fileRef = 32FF63DB14BBE71B00E99F55 /* CheckInDetailsViewController.xib */; };
		32FF63E414BBFAE300E99F55 /* CPPlace.m in Sources */ = {isa = PBXBuildFile; fileRef = 32FF63E314BBFAE300E99F55 /* CPPlace.m */; };
		32FF63EB14BC050000E99F55 /* checkin.png in Resources */ = {isa = PBXBuildFile; fileRef = 32FF63E914BC050000E99F55 /* checkin.png */; };
		32FF63EC14BC050000E99F55 /* checkin@2x.png in Resources */ = {isa = PBXBuildFile; fileRef = 32FF63EA14BC050000E99F55 /* checkin@2x.png */; };
		32FF63F714BC0BF700E99F55 /* BaseViewController.m in Sources */ = {isa = PBXBuildFile; fileRef = 32FF63F614BC0BF700E99F55 /* BaseViewController.m */; };
		870835D714B3DEA200439431 /* SA_ActionSheet.m in Sources */ = {isa = PBXBuildFile; fileRef = 870835D514B3DEA200439431 /* SA_ActionSheet.m */; settings = {COMPILER_FLAGS = "-fno-objc-arc"; }; };
		870835F814B3E1AC00439431 /* Facebook.m in Sources */ = {isa = PBXBuildFile; fileRef = 870835E014B3E1AB00439431 /* Facebook.m */; settings = {COMPILER_FLAGS = "-fno-objc-arc"; }; };
		870835F914B3E1AC00439431 /* FBDialog.bundle in Resources */ = {isa = PBXBuildFile; fileRef = 870835E314B3E1AB00439431 /* FBDialog.bundle */; };
		870835FA14B3E1AC00439431 /* FBDialog.m in Sources */ = {isa = PBXBuildFile; fileRef = 870835E514B3E1AB00439431 /* FBDialog.m */; settings = {COMPILER_FLAGS = "-fno-objc-arc"; }; };
		870835FB14B3E1AC00439431 /* FBLoginDialog.m in Sources */ = {isa = PBXBuildFile; fileRef = 870835E714B3E1AB00439431 /* FBLoginDialog.m */; settings = {COMPILER_FLAGS = "-fno-objc-arc"; }; };
		870835FC14B3E1AC00439431 /* FBRequest.m in Sources */ = {isa = PBXBuildFile; fileRef = 870835E914B3E1AB00439431 /* FBRequest.m */; settings = {COMPILER_FLAGS = "-fno-objc-arc"; }; };
		8708361A14B4BF4B00439431 /* FacebookLoginSequence.m in Sources */ = {isa = PBXBuildFile; fileRef = 8708361914B4BF4B00439431 /* FacebookLoginSequence.m */; };
		8708361E14B4DEBB00439431 /* FBRequestOperation.m in Sources */ = {isa = PBXBuildFile; fileRef = 8708361D14B4DEBB00439431 /* FBRequestOperation.m */; settings = {COMPILER_FLAGS = "-fno-objc-arc"; }; };
		871C446714BD7293003B720F /* button.png in Resources */ = {isa = PBXBuildFile; fileRef = 871C446514BD7293003B720F /* button.png */; };
		871C446814BD7293003B720F /* button@2x.png in Resources */ = {isa = PBXBuildFile; fileRef = 871C446614BD7293003B720F /* button@2x.png */; };
		871C446C14BD72FC003B720F /* button_disabled.png in Resources */ = {isa = PBXBuildFile; fileRef = 871C446A14BD72FC003B720F /* button_disabled.png */; };
		871C446D14BD72FC003B720F /* button_disabled@2x.png in Resources */ = {isa = PBXBuildFile; fileRef = 871C446B14BD72FC003B720F /* button_disabled@2x.png */; };
		871EFB0B14AE9C820030658B /* UIKit.framework in Frameworks */ = {isa = PBXBuildFile; fileRef = 871EFB0A14AE9C820030658B /* UIKit.framework */; };
		871EFB0D14AE9C820030658B /* Foundation.framework in Frameworks */ = {isa = PBXBuildFile; fileRef = 871EFB0C14AE9C820030658B /* Foundation.framework */; };
		871EFB0F14AE9C820030658B /* CoreGraphics.framework in Frameworks */ = {isa = PBXBuildFile; fileRef = 871EFB0E14AE9C820030658B /* CoreGraphics.framework */; };
		871EFB1514AE9C820030658B /* InfoPlist.strings in Resources */ = {isa = PBXBuildFile; fileRef = 871EFB1314AE9C820030658B /* InfoPlist.strings */; };
		871EFB1714AE9C820030658B /* main.m in Sources */ = {isa = PBXBuildFile; fileRef = 871EFB1614AE9C820030658B /* main.m */; };
		871EFB1B14AE9C820030658B /* AppDelegate.m in Sources */ = {isa = PBXBuildFile; fileRef = 871EFB1A14AE9C820030658B /* AppDelegate.m */; };
		871EFB1E14AE9C820030658B /* MainStoryboard_iPhone.storyboard in Resources */ = {isa = PBXBuildFile; fileRef = 871EFB1C14AE9C820030658B /* MainStoryboard_iPhone.storyboard */; };
		871EFB3714AE9C820030658B /* SenTestingKit.framework in Frameworks */ = {isa = PBXBuildFile; fileRef = 871EFB3614AE9C820030658B /* SenTestingKit.framework */; };
		871EFB3814AE9C820030658B /* UIKit.framework in Frameworks */ = {isa = PBXBuildFile; fileRef = 871EFB0A14AE9C820030658B /* UIKit.framework */; };
		871EFB3914AE9C820030658B /* Foundation.framework in Frameworks */ = {isa = PBXBuildFile; fileRef = 871EFB0C14AE9C820030658B /* Foundation.framework */; };
		871EFB4114AE9C820030658B /* InfoPlist.strings in Resources */ = {isa = PBXBuildFile; fileRef = 871EFB3F14AE9C820030658B /* InfoPlist.strings */; };
		871EFB4414AE9C820030658B /* candpiosappTests.m in Sources */ = {isa = PBXBuildFile; fileRef = 871EFB4314AE9C820030658B /* candpiosappTests.m */; };
		871EFB5F14AEB4950030658B /* MapKit.framework in Frameworks */ = {isa = PBXBuildFile; fileRef = 871EFB5E14AEB4950030658B /* MapKit.framework */; };
		871EFB9D14AF97130030658B /* AFHTTPClient.m in Sources */ = {isa = PBXBuildFile; fileRef = 871EFB6314AF97130030658B /* AFHTTPClient.m */; settings = {COMPILER_FLAGS = "-fno-objc-arc"; }; };
		871EFB9E14AF97130030658B /* AFHTTPRequestOperation.m in Sources */ = {isa = PBXBuildFile; fileRef = 871EFB6514AF97130030658B /* AFHTTPRequestOperation.m */; settings = {COMPILER_FLAGS = "-fno-objc-arc"; }; };
		871EFB9F14AF97130030658B /* AFImageCache.m in Sources */ = {isa = PBXBuildFile; fileRef = 871EFB6714AF97130030658B /* AFImageCache.m */; settings = {COMPILER_FLAGS = "-fno-objc-arc"; }; };
		871EFBA014AF97130030658B /* AFImageRequestOperation.m in Sources */ = {isa = PBXBuildFile; fileRef = 871EFB6914AF97130030658B /* AFImageRequestOperation.m */; settings = {COMPILER_FLAGS = "-fno-objc-arc"; }; };
		871EFBA114AF97130030658B /* AFJSONRequestOperation.m in Sources */ = {isa = PBXBuildFile; fileRef = 871EFB6B14AF97130030658B /* AFJSONRequestOperation.m */; settings = {COMPILER_FLAGS = "-fno-objc-arc"; }; };
		871EFBA214AF97130030658B /* AFNetworkActivityIndicatorManager.m in Sources */ = {isa = PBXBuildFile; fileRef = 871EFB6E14AF97130030658B /* AFNetworkActivityIndicatorManager.m */; settings = {COMPILER_FLAGS = "-fno-objc-arc"; }; };
		871EFBA314AF97130030658B /* AFPropertyListRequestOperation.m in Sources */ = {isa = PBXBuildFile; fileRef = 871EFB7114AF97130030658B /* AFPropertyListRequestOperation.m */; settings = {COMPILER_FLAGS = "-fno-objc-arc"; }; };
		871EFBA414AF97130030658B /* AFURLConnectionOperation.m in Sources */ = {isa = PBXBuildFile; fileRef = 871EFB7314AF97130030658B /* AFURLConnectionOperation.m */; settings = {COMPILER_FLAGS = "-fno-objc-arc"; }; };
		871EFBA514AF97130030658B /* AFXMLRequestOperation.m in Sources */ = {isa = PBXBuildFile; fileRef = 871EFB7514AF97130030658B /* AFXMLRequestOperation.m */; settings = {COMPILER_FLAGS = "-fno-objc-arc"; }; };
		871EFBA814AF97130030658B /* UIImageView+AFNetworking.m in Sources */ = {isa = PBXBuildFile; fileRef = 871EFB7914AF97130030658B /* UIImageView+AFNetworking.m */; settings = {COMPILER_FLAGS = "-fno-objc-arc"; }; };
		871EFBAB14AF97130030658B /* NSObject+SBJson.m in Sources */ = {isa = PBXBuildFile; fileRef = 871EFB7E14AF97130030658B /* NSObject+SBJson.m */; };
		871EFBAD14AF97130030658B /* SBJsonParser.m in Sources */ = {isa = PBXBuildFile; fileRef = 871EFB8214AF97130030658B /* SBJsonParser.m */; };
		871EFBAE14AF97130030658B /* SBJsonStreamParser.m in Sources */ = {isa = PBXBuildFile; fileRef = 871EFB8414AF97130030658B /* SBJsonStreamParser.m */; };
		871EFBAF14AF97130030658B /* SBJsonStreamParserAccumulator.m in Sources */ = {isa = PBXBuildFile; fileRef = 871EFB8614AF97130030658B /* SBJsonStreamParserAccumulator.m */; };
		871EFBB014AF97130030658B /* SBJsonStreamParserAdapter.m in Sources */ = {isa = PBXBuildFile; fileRef = 871EFB8814AF97130030658B /* SBJsonStreamParserAdapter.m */; };
		871EFBB114AF97130030658B /* SBJsonStreamParserState.m in Sources */ = {isa = PBXBuildFile; fileRef = 871EFB8A14AF97130030658B /* SBJsonStreamParserState.m */; };
		871EFBB214AF97130030658B /* SBJsonStreamWriter.m in Sources */ = {isa = PBXBuildFile; fileRef = 871EFB8C14AF97130030658B /* SBJsonStreamWriter.m */; };
		871EFBB314AF97130030658B /* SBJsonStreamWriterAccumulator.m in Sources */ = {isa = PBXBuildFile; fileRef = 871EFB8E14AF97130030658B /* SBJsonStreamWriterAccumulator.m */; };
		871EFBB414AF97130030658B /* SBJsonStreamWriterState.m in Sources */ = {isa = PBXBuildFile; fileRef = 871EFB9014AF97130030658B /* SBJsonStreamWriterState.m */; };
		871EFBB514AF97130030658B /* SBJsonTokeniser.m in Sources */ = {isa = PBXBuildFile; fileRef = 871EFB9214AF97130030658B /* SBJsonTokeniser.m */; };
		871EFBB614AF97130030658B /* SBJsonUTF8Stream.m in Sources */ = {isa = PBXBuildFile; fileRef = 871EFB9414AF97130030658B /* SBJsonUTF8Stream.m */; };
		871EFBB714AF97130030658B /* SBJsonWriter.m in Sources */ = {isa = PBXBuildFile; fileRef = 871EFB9614AF97130030658B /* SBJsonWriter.m */; };
		871EFBBA14AF97130030658B /* SVProgressHUD.bundle in Resources */ = {isa = PBXBuildFile; fileRef = 871EFB9A14AF97130030658B /* SVProgressHUD.bundle */; };
		871EFBBB14AF97130030658B /* SVProgressHUD.m in Sources */ = {isa = PBXBuildFile; fileRef = 871EFB9C14AF97130030658B /* SVProgressHUD.m */; };
		871EFBBF14AF987B0030658B /* MapTabController.m in Sources */ = {isa = PBXBuildFile; fileRef = 871EFBBE14AF987B0030658B /* MapTabController.m */; };
		8726C6C414B00245004E4872 /* CoreLocation.framework in Frameworks */ = {isa = PBXBuildFile; fileRef = 8726C6C314B00245004E4872 /* CoreLocation.framework */; };
		872E1C8614B28DB900408DC6 /* Default@2x.png in Resources */ = {isa = PBXBuildFile; fileRef = 872E1C8514B28DB900408DC6 /* Default@2x.png */; };
		872E1C8914B28DBD00408DC6 /* Default.png in Resources */ = {isa = PBXBuildFile; fileRef = 872E1C8814B28DBD00408DC6 /* Default.png */; };
		872E1C8D14B28DD600408DC6 /* Default-Landscape~ipad.png in Resources */ = {isa = PBXBuildFile; fileRef = 872E1C8C14B28DD600408DC6 /* Default-Landscape~ipad.png */; };
		872E1C9D14B291C400408DC6 /* cap-ipad-72x72.png in Resources */ = {isa = PBXBuildFile; fileRef = 872E1C9C14B291C400408DC6 /* cap-ipad-72x72.png */; };
		872E1C9F14B291DC00408DC6 /* cap.png in Resources */ = {isa = PBXBuildFile; fileRef = 872E1C9E14B291DC00408DC6 /* cap.png */; };
		872E1CA114B291EC00408DC6 /* cap@2x.png in Resources */ = {isa = PBXBuildFile; fileRef = 872E1CA014B291EC00408DC6 /* cap@2x.png */; };
		872E1CA214B2C91B00408DC6 /* Default-Portrait~ipad.png in Resources */ = {isa = PBXBuildFile; fileRef = 872E1C8A14B28DCD00408DC6 /* Default-Portrait~ipad.png */; };
		8733311114BCC36B001BF4DB /* EmailLoginSequence.m in Sources */ = {isa = PBXBuildFile; fileRef = 8733311014BCC36A001BF4DB /* EmailLoginSequence.m */; };
		8733311C14BCFAAB001BF4DB /* TableCellHelper.m in Sources */ = {isa = PBXBuildFile; fileRef = 8733311714BCFAAB001BF4DB /* TableCellHelper.m */; };
		8733311D14BCFAAB001BF4DB /* TableViewControllerHelper.m in Sources */ = {isa = PBXBuildFile; fileRef = 8733311914BCFAAB001BF4DB /* TableViewControllerHelper.m */; };
		8733312614BCFB0D001BF4DB /* CreateEmailAccountController.m in Sources */ = {isa = PBXBuildFile; fileRef = 8733312414BCFB0D001BF4DB /* CreateEmailAccountController.m */; };
		8733312714BCFB0D001BF4DB /* CreateEmailAccountController.xib in Resources */ = {isa = PBXBuildFile; fileRef = 8733312514BCFB0D001BF4DB /* CreateEmailAccountController.xib */; };
		8745448D14B799C100D96134 /* NSDictionaryAdditions.m in Sources */ = {isa = PBXBuildFile; fileRef = 8745448814B799C100D96134 /* NSDictionaryAdditions.m */; settings = {COMPILER_FLAGS = "-fno-objc-arc"; }; };
		8745448E14B799C100D96134 /* NSMutableURLRequestAdditions.m in Sources */ = {isa = PBXBuildFile; fileRef = 8745448A14B799C100D96134 /* NSMutableURLRequestAdditions.m */; settings = {COMPILER_FLAGS = "-fno-objc-arc"; }; };
		875CB8F414C5DC8C00AD4F6E /* MapDataSet.m in Sources */ = {isa = PBXBuildFile; fileRef = 875CB8F314C5DC8C00AD4F6E /* MapDataSet.m */; };
		87701C4B14B2613E00102A77 /* EmptyController.m in Sources */ = {isa = PBXBuildFile; fileRef = 87701C4A14B2613E00102A77 /* EmptyController.m */; };
		879381E414B4E659000EBCED /* Facebook+Blocks.m in Sources */ = {isa = PBXBuildFile; fileRef = 879381E314B4E659000EBCED /* Facebook+Blocks.m */; };
		87DC9A3914BEB92200BA3907 /* SignupController.m in Sources */ = {isa = PBXBuildFile; fileRef = 87DC9A3714BEB92200BA3907 /* SignupController.m */; };
		87DC9A3A14BEB92200BA3907 /* SignupController.xib in Resources */ = {isa = PBXBuildFile; fileRef = 87DC9A3814BEB92200BA3907 /* SignupController.xib */; };
		87DC9A4214BECB6F00BA3907 /* LoginSequenceBase.m in Sources */ = {isa = PBXBuildFile; fileRef = 87DC9A4114BECB6F00BA3907 /* LoginSequenceBase.m */; };
		87F5EF4614AFA68900EB83F7 /* MyWebTabController.m in Sources */ = {isa = PBXBuildFile; fileRef = 87F5EF4514AFA68800EB83F7 /* MyWebTabController.m */; };
		87F5EF4F14AFAAC500EB83F7 /* Settings.m in Sources */ = {isa = PBXBuildFile; fileRef = 87F5EF4E14AFAAC500EB83F7 /* Settings.m */; };
		87F657EB14B0D0C800F4AB6C /* SDImageCache.m in Sources */ = {isa = PBXBuildFile; fileRef = 87F657D814B0D0C800F4AB6C /* SDImageCache.m */; settings = {COMPILER_FLAGS = "-fno-objc-arc"; }; };
		87F657EC14B0D0C800F4AB6C /* SDWebImageDecoder.m in Sources */ = {isa = PBXBuildFile; fileRef = 87F657DC14B0D0C800F4AB6C /* SDWebImageDecoder.m */; settings = {COMPILER_FLAGS = "-fno-objc-arc"; }; };
		87F657ED14B0D0C800F4AB6C /* SDWebImageDownloader.m in Sources */ = {isa = PBXBuildFile; fileRef = 87F657DE14B0D0C800F4AB6C /* SDWebImageDownloader.m */; settings = {COMPILER_FLAGS = "-fno-objc-arc"; }; };
		87F657EE14B0D0C800F4AB6C /* SDWebImageManager.m in Sources */ = {isa = PBXBuildFile; fileRef = 87F657E114B0D0C800F4AB6C /* SDWebImageManager.m */; settings = {COMPILER_FLAGS = "-fno-objc-arc"; }; };
		87F657EF14B0D0C800F4AB6C /* SDWebImagePrefetcher.m in Sources */ = {isa = PBXBuildFile; fileRef = 87F657E414B0D0C800F4AB6C /* SDWebImagePrefetcher.m */; settings = {COMPILER_FLAGS = "-fno-objc-arc"; }; };
		87F657F014B0D0C800F4AB6C /* UIButton+WebCache.m in Sources */ = {isa = PBXBuildFile; fileRef = 87F657E614B0D0C800F4AB6C /* UIButton+WebCache.m */; settings = {COMPILER_FLAGS = "-fno-objc-arc"; }; };
		87F657F114B0D0C800F4AB6C /* UIImageView+WebCache.m in Sources */ = {isa = PBXBuildFile; fileRef = 87F657E814B0D0C800F4AB6C /* UIImageView+WebCache.m */; settings = {COMPILER_FLAGS = "-fno-objc-arc"; }; };
		87F657F514B0D2D100F4AB6C /* 63-runner.png in Resources */ = {isa = PBXBuildFile; fileRef = 87F657F414B0D2D100F4AB6C /* 63-runner.png */; };
		87F657FE14B0DC1F00F4AB6C /* UserAnnotation.m in Sources */ = {isa = PBXBuildFile; fileRef = 87F657FD14B0DC1F00F4AB6C /* UserAnnotation.m */; };
		87F6580114B0DC2D00F4AB6C /* MissionAnnotation.m in Sources */ = {isa = PBXBuildFile; fileRef = 87F6580014B0DC2D00F4AB6C /* MissionAnnotation.m */; };
		87F6580414B0DDFD00F4AB6C /* CandPAnnotation.m in Sources */ = {isa = PBXBuildFile; fileRef = 87F6580314B0DDFC00F4AB6C /* CandPAnnotation.m */; };
		87F6581614B127CE00F4AB6C /* UserSubview.m in Sources */ = {isa = PBXBuildFile; fileRef = 87F6581514B127CD00F4AB6C /* UserSubview.m */; };
/* End PBXBuildFile section */

/* Begin PBXContainerItemProxy section */
		871EFB3A14AE9C820030658B /* PBXContainerItemProxy */ = {
			isa = PBXContainerItemProxy;
			containerPortal = 871EFAFD14AE9C810030658B /* Project object */;
			proxyType = 1;
			remoteGlobalIDString = 871EFB0514AE9C820030658B;
			remoteInfo = candpiosapp;
		};
/* End PBXContainerItemProxy section */

/* Begin PBXFileReference section */
		32C762ED14BEAD1D00FE25E4 /* refresh.png */ = {isa = PBXFileReference; lastKnownFileType = image.png; path = refresh.png; sourceTree = "<group>"; };
		32C762EE14BEAD1D00FE25E4 /* refresh@2x.png */ = {isa = PBXFileReference; lastKnownFileType = image.png; path = "refresh@2x.png"; sourceTree = "<group>"; };
		32C762F614BEB48500FE25E4 /* UserListTableViewController.h */ = {isa = PBXFileReference; fileEncoding = 4; lastKnownFileType = sourcecode.c.h; path = UserListTableViewController.h; sourceTree = "<group>"; };
		32C762F714BEB48500FE25E4 /* UserListTableViewController.m */ = {isa = PBXFileReference; fileEncoding = 4; lastKnownFileType = sourcecode.c.objc; path = UserListTableViewController.m; sourceTree = "<group>"; };
		32E3CD8314C39B94001EA2AB /* UserTableViewCell.h */ = {isa = PBXFileReference; fileEncoding = 4; lastKnownFileType = sourcecode.c.h; path = UserTableViewCell.h; sourceTree = "<group>"; };
		32E3CD8414C39B94001EA2AB /* UserTableViewCell.m */ = {isa = PBXFileReference; fileEncoding = 4; lastKnownFileType = sourcecode.c.objc; path = UserTableViewCell.m; sourceTree = "<group>"; };
		32E3CD8514C39B94001EA2AB /* UserTableViewCell.xib */ = {isa = PBXFileReference; fileEncoding = 4; lastKnownFileType = file.xib; path = UserTableViewCell.xib; sourceTree = "<group>"; };
		32E3CD8D14C3AAA5001EA2AB /* WebView.xib */ = {isa = PBXFileReference; fileEncoding = 4; lastKnownFileType = file.xib; path = WebView.xib; sourceTree = "<group>"; };
		32E3CD8E14C3AAA5001EA2AB /* WebViewController.h */ = {isa = PBXFileReference; fileEncoding = 4; lastKnownFileType = sourcecode.c.h; path = WebViewController.h; sourceTree = "<group>"; };
		32E3CD8F14C3AAA5001EA2AB /* WebViewController.m */ = {isa = PBXFileReference; fileEncoding = 4; lastKnownFileType = sourcecode.c.objc; path = WebViewController.m; sourceTree = "<group>"; };
		32FF63D214BB935100E99F55 /* CheckInListTableViewController.h */ = {isa = PBXFileReference; fileEncoding = 4; lastKnownFileType = sourcecode.c.h; path = CheckInListTableViewController.h; sourceTree = "<group>"; };
		32FF63D314BB935100E99F55 /* CheckInListTableViewController.m */ = {isa = PBXFileReference; fileEncoding = 4; lastKnownFileType = sourcecode.c.objc; path = CheckInListTableViewController.m; sourceTree = "<group>"; };
		32FF63D914BBE71A00E99F55 /* CheckInDetailsViewController.h */ = {isa = PBXFileReference; fileEncoding = 4; lastKnownFileType = sourcecode.c.h; path = CheckInDetailsViewController.h; sourceTree = "<group>"; };
		32FF63DA14BBE71A00E99F55 /* CheckInDetailsViewController.m */ = {isa = PBXFileReference; fileEncoding = 4; lastKnownFileType = sourcecode.c.objc; path = CheckInDetailsViewController.m; sourceTree = "<group>"; };
		32FF63DB14BBE71B00E99F55 /* CheckInDetailsViewController.xib */ = {isa = PBXFileReference; fileEncoding = 4; lastKnownFileType = file.xib; path = CheckInDetailsViewController.xib; sourceTree = "<group>"; };
		32FF63E214BBFAE300E99F55 /* CPPlace.h */ = {isa = PBXFileReference; fileEncoding = 4; lastKnownFileType = sourcecode.c.h; path = CPPlace.h; sourceTree = "<group>"; };
		32FF63E314BBFAE300E99F55 /* CPPlace.m */ = {isa = PBXFileReference; fileEncoding = 4; lastKnownFileType = sourcecode.c.objc; path = CPPlace.m; sourceTree = "<group>"; };
		32FF63E914BC050000E99F55 /* checkin.png */ = {isa = PBXFileReference; lastKnownFileType = image.png; name = checkin.png; path = candpiosapp/images/checkin.png; sourceTree = SOURCE_ROOT; };
		32FF63EA14BC050000E99F55 /* checkin@2x.png */ = {isa = PBXFileReference; lastKnownFileType = image.png; name = "checkin@2x.png"; path = "candpiosapp/images/checkin@2x.png"; sourceTree = SOURCE_ROOT; };
		32FF63F514BC0BF700E99F55 /* BaseViewController.h */ = {isa = PBXFileReference; fileEncoding = 4; lastKnownFileType = sourcecode.c.h; path = BaseViewController.h; sourceTree = "<group>"; };
		32FF63F614BC0BF700E99F55 /* BaseViewController.m */ = {isa = PBXFileReference; fileEncoding = 4; lastKnownFileType = sourcecode.c.objc; path = BaseViewController.m; sourceTree = "<group>"; };
		870835D414B3DEA200439431 /* SA_ActionSheet.h */ = {isa = PBXFileReference; fileEncoding = 4; lastKnownFileType = sourcecode.c.h; path = SA_ActionSheet.h; sourceTree = "<group>"; };
		870835D514B3DEA200439431 /* SA_ActionSheet.m */ = {isa = PBXFileReference; fileEncoding = 4; lastKnownFileType = sourcecode.c.objc; path = SA_ActionSheet.m; sourceTree = "<group>"; };
		870835DF14B3E1AB00439431 /* Facebook.h */ = {isa = PBXFileReference; fileEncoding = 4; lastKnownFileType = sourcecode.c.h; path = Facebook.h; sourceTree = "<group>"; };
		870835E014B3E1AB00439431 /* Facebook.m */ = {isa = PBXFileReference; fileEncoding = 4; lastKnownFileType = sourcecode.c.objc; path = Facebook.m; sourceTree = "<group>"; };
		870835E214B3E1AB00439431 /* FBConnect.h */ = {isa = PBXFileReference; fileEncoding = 4; lastKnownFileType = sourcecode.c.h; path = FBConnect.h; sourceTree = "<group>"; };
		870835E314B3E1AB00439431 /* FBDialog.bundle */ = {isa = PBXFileReference; lastKnownFileType = "wrapper.plug-in"; path = FBDialog.bundle; sourceTree = "<group>"; };
		870835E414B3E1AB00439431 /* FBDialog.h */ = {isa = PBXFileReference; fileEncoding = 4; lastKnownFileType = sourcecode.c.h; path = FBDialog.h; sourceTree = "<group>"; };
		870835E514B3E1AB00439431 /* FBDialog.m */ = {isa = PBXFileReference; fileEncoding = 4; lastKnownFileType = sourcecode.c.objc; path = FBDialog.m; sourceTree = "<group>"; };
		870835E614B3E1AB00439431 /* FBLoginDialog.h */ = {isa = PBXFileReference; fileEncoding = 4; lastKnownFileType = sourcecode.c.h; path = FBLoginDialog.h; sourceTree = "<group>"; };
		870835E714B3E1AB00439431 /* FBLoginDialog.m */ = {isa = PBXFileReference; fileEncoding = 4; lastKnownFileType = sourcecode.c.objc; path = FBLoginDialog.m; sourceTree = "<group>"; };
		870835E814B3E1AB00439431 /* FBRequest.h */ = {isa = PBXFileReference; fileEncoding = 4; lastKnownFileType = sourcecode.c.h; path = FBRequest.h; sourceTree = "<group>"; };
		870835E914B3E1AB00439431 /* FBRequest.m */ = {isa = PBXFileReference; fileEncoding = 4; lastKnownFileType = sourcecode.c.objc; path = FBRequest.m; sourceTree = "<group>"; };
		8708361814B4BF4A00439431 /* FacebookLoginSequence.h */ = {isa = PBXFileReference; fileEncoding = 4; lastKnownFileType = sourcecode.c.h; path = FacebookLoginSequence.h; sourceTree = "<group>"; };
		8708361914B4BF4B00439431 /* FacebookLoginSequence.m */ = {isa = PBXFileReference; fileEncoding = 4; lastKnownFileType = sourcecode.c.objc; path = FacebookLoginSequence.m; sourceTree = "<group>"; };
		8708361C14B4DEBB00439431 /* FBRequestOperation.h */ = {isa = PBXFileReference; fileEncoding = 4; lastKnownFileType = sourcecode.c.h; path = FBRequestOperation.h; sourceTree = "<group>"; };
		8708361D14B4DEBB00439431 /* FBRequestOperation.m */ = {isa = PBXFileReference; fileEncoding = 4; lastKnownFileType = sourcecode.c.objc; path = FBRequestOperation.m; sourceTree = "<group>"; };
		871C446514BD7293003B720F /* button.png */ = {isa = PBXFileReference; lastKnownFileType = image.png; path = button.png; sourceTree = "<group>"; };
		871C446614BD7293003B720F /* button@2x.png */ = {isa = PBXFileReference; lastKnownFileType = image.png; path = "button@2x.png"; sourceTree = "<group>"; };
		871C446A14BD72FC003B720F /* button_disabled.png */ = {isa = PBXFileReference; lastKnownFileType = image.png; path = button_disabled.png; sourceTree = "<group>"; };
		871C446B14BD72FC003B720F /* button_disabled@2x.png */ = {isa = PBXFileReference; lastKnownFileType = image.png; path = "button_disabled@2x.png"; sourceTree = "<group>"; };
		871EFB0614AE9C820030658B /* candp.app */ = {isa = PBXFileReference; explicitFileType = wrapper.application; includeInIndex = 0; path = candp.app; sourceTree = BUILT_PRODUCTS_DIR; };
		871EFB0A14AE9C820030658B /* UIKit.framework */ = {isa = PBXFileReference; lastKnownFileType = wrapper.framework; name = UIKit.framework; path = System/Library/Frameworks/UIKit.framework; sourceTree = SDKROOT; };
		871EFB0C14AE9C820030658B /* Foundation.framework */ = {isa = PBXFileReference; lastKnownFileType = wrapper.framework; name = Foundation.framework; path = System/Library/Frameworks/Foundation.framework; sourceTree = SDKROOT; };
		871EFB0E14AE9C820030658B /* CoreGraphics.framework */ = {isa = PBXFileReference; lastKnownFileType = wrapper.framework; name = CoreGraphics.framework; path = System/Library/Frameworks/CoreGraphics.framework; sourceTree = SDKROOT; };
		871EFB1214AE9C820030658B /* candpiosapp-Info.plist */ = {isa = PBXFileReference; lastKnownFileType = text.plist.xml; path = "candpiosapp-Info.plist"; sourceTree = "<group>"; };
		871EFB1414AE9C820030658B /* en */ = {isa = PBXFileReference; lastKnownFileType = text.plist.strings; name = en; path = en.lproj/InfoPlist.strings; sourceTree = "<group>"; };
		871EFB1614AE9C820030658B /* main.m */ = {isa = PBXFileReference; lastKnownFileType = sourcecode.c.objc; path = main.m; sourceTree = "<group>"; };
		871EFB1814AE9C820030658B /* candpiosapp-Prefix.pch */ = {isa = PBXFileReference; lastKnownFileType = sourcecode.c.h; path = "candpiosapp-Prefix.pch"; sourceTree = "<group>"; };
		871EFB1914AE9C820030658B /* AppDelegate.h */ = {isa = PBXFileReference; lastKnownFileType = sourcecode.c.h; path = AppDelegate.h; sourceTree = "<group>"; };
		871EFB1A14AE9C820030658B /* AppDelegate.m */ = {isa = PBXFileReference; lastKnownFileType = sourcecode.c.objc; path = AppDelegate.m; sourceTree = "<group>"; };
		871EFB1D14AE9C820030658B /* en */ = {isa = PBXFileReference; lastKnownFileType = file.storyboard; name = en; path = en.lproj/MainStoryboard_iPhone.storyboard; sourceTree = "<group>"; };
		871EFB3514AE9C820030658B /* candpiosappTests.octest */ = {isa = PBXFileReference; explicitFileType = wrapper.cfbundle; includeInIndex = 0; path = candpiosappTests.octest; sourceTree = BUILT_PRODUCTS_DIR; };
		871EFB3614AE9C820030658B /* SenTestingKit.framework */ = {isa = PBXFileReference; lastKnownFileType = wrapper.framework; name = SenTestingKit.framework; path = Library/Frameworks/SenTestingKit.framework; sourceTree = DEVELOPER_DIR; };
		871EFB3E14AE9C820030658B /* candpiosappTests-Info.plist */ = {isa = PBXFileReference; lastKnownFileType = text.plist.xml; path = "candpiosappTests-Info.plist"; sourceTree = "<group>"; };
		871EFB4014AE9C820030658B /* en */ = {isa = PBXFileReference; lastKnownFileType = text.plist.strings; name = en; path = en.lproj/InfoPlist.strings; sourceTree = "<group>"; };
		871EFB4214AE9C820030658B /* candpiosappTests.h */ = {isa = PBXFileReference; lastKnownFileType = sourcecode.c.h; path = candpiosappTests.h; sourceTree = "<group>"; };
		871EFB4314AE9C820030658B /* candpiosappTests.m */ = {isa = PBXFileReference; lastKnownFileType = sourcecode.c.objc; path = candpiosappTests.m; sourceTree = "<group>"; };
		871EFB5E14AEB4950030658B /* MapKit.framework */ = {isa = PBXFileReference; lastKnownFileType = wrapper.framework; name = MapKit.framework; path = System/Library/Frameworks/MapKit.framework; sourceTree = SDKROOT; };
		871EFB6214AF97130030658B /* AFHTTPClient.h */ = {isa = PBXFileReference; fileEncoding = 4; lastKnownFileType = sourcecode.c.h; path = AFHTTPClient.h; sourceTree = "<group>"; };
		871EFB6314AF97130030658B /* AFHTTPClient.m */ = {isa = PBXFileReference; fileEncoding = 4; lastKnownFileType = sourcecode.c.objc; path = AFHTTPClient.m; sourceTree = "<group>"; };
		871EFB6414AF97130030658B /* AFHTTPRequestOperation.h */ = {isa = PBXFileReference; fileEncoding = 4; lastKnownFileType = sourcecode.c.h; path = AFHTTPRequestOperation.h; sourceTree = "<group>"; };
		871EFB6514AF97130030658B /* AFHTTPRequestOperation.m */ = {isa = PBXFileReference; fileEncoding = 4; lastKnownFileType = sourcecode.c.objc; path = AFHTTPRequestOperation.m; sourceTree = "<group>"; };
		871EFB6614AF97130030658B /* AFImageCache.h */ = {isa = PBXFileReference; fileEncoding = 4; lastKnownFileType = sourcecode.c.h; path = AFImageCache.h; sourceTree = "<group>"; };
		871EFB6714AF97130030658B /* AFImageCache.m */ = {isa = PBXFileReference; fileEncoding = 4; lastKnownFileType = sourcecode.c.objc; path = AFImageCache.m; sourceTree = "<group>"; };
		871EFB6814AF97130030658B /* AFImageRequestOperation.h */ = {isa = PBXFileReference; fileEncoding = 4; lastKnownFileType = sourcecode.c.h; path = AFImageRequestOperation.h; sourceTree = "<group>"; };
		871EFB6914AF97130030658B /* AFImageRequestOperation.m */ = {isa = PBXFileReference; fileEncoding = 4; lastKnownFileType = sourcecode.c.objc; path = AFImageRequestOperation.m; sourceTree = "<group>"; };
		871EFB6A14AF97130030658B /* AFJSONRequestOperation.h */ = {isa = PBXFileReference; fileEncoding = 4; lastKnownFileType = sourcecode.c.h; path = AFJSONRequestOperation.h; sourceTree = "<group>"; };
		871EFB6B14AF97130030658B /* AFJSONRequestOperation.m */ = {isa = PBXFileReference; fileEncoding = 4; lastKnownFileType = sourcecode.c.objc; path = AFJSONRequestOperation.m; sourceTree = "<group>"; };
		871EFB6C14AF97130030658B /* AFJSONUtilities.h */ = {isa = PBXFileReference; fileEncoding = 4; lastKnownFileType = sourcecode.c.h; path = AFJSONUtilities.h; sourceTree = "<group>"; };
		871EFB6D14AF97130030658B /* AFNetworkActivityIndicatorManager.h */ = {isa = PBXFileReference; fileEncoding = 4; lastKnownFileType = sourcecode.c.h; path = AFNetworkActivityIndicatorManager.h; sourceTree = "<group>"; };
		871EFB6E14AF97130030658B /* AFNetworkActivityIndicatorManager.m */ = {isa = PBXFileReference; fileEncoding = 4; lastKnownFileType = sourcecode.c.objc; path = AFNetworkActivityIndicatorManager.m; sourceTree = "<group>"; };
		871EFB6F14AF97130030658B /* AFNetworking.h */ = {isa = PBXFileReference; fileEncoding = 4; lastKnownFileType = sourcecode.c.h; path = AFNetworking.h; sourceTree = "<group>"; };
		871EFB7014AF97130030658B /* AFPropertyListRequestOperation.h */ = {isa = PBXFileReference; fileEncoding = 4; lastKnownFileType = sourcecode.c.h; path = AFPropertyListRequestOperation.h; sourceTree = "<group>"; };
		871EFB7114AF97130030658B /* AFPropertyListRequestOperation.m */ = {isa = PBXFileReference; fileEncoding = 4; lastKnownFileType = sourcecode.c.objc; path = AFPropertyListRequestOperation.m; sourceTree = "<group>"; };
		871EFB7214AF97130030658B /* AFURLConnectionOperation.h */ = {isa = PBXFileReference; fileEncoding = 4; lastKnownFileType = sourcecode.c.h; path = AFURLConnectionOperation.h; sourceTree = "<group>"; };
		871EFB7314AF97130030658B /* AFURLConnectionOperation.m */ = {isa = PBXFileReference; fileEncoding = 4; lastKnownFileType = sourcecode.c.objc; path = AFURLConnectionOperation.m; sourceTree = "<group>"; };
		871EFB7414AF97130030658B /* AFXMLRequestOperation.h */ = {isa = PBXFileReference; fileEncoding = 4; lastKnownFileType = sourcecode.c.h; path = AFXMLRequestOperation.h; sourceTree = "<group>"; };
		871EFB7514AF97130030658B /* AFXMLRequestOperation.m */ = {isa = PBXFileReference; fileEncoding = 4; lastKnownFileType = sourcecode.c.objc; path = AFXMLRequestOperation.m; sourceTree = "<group>"; };
		871EFB7814AF97130030658B /* UIImageView+AFNetworking.h */ = {isa = PBXFileReference; fileEncoding = 4; lastKnownFileType = sourcecode.c.h; path = "UIImageView+AFNetworking.h"; sourceTree = "<group>"; };
		871EFB7914AF97130030658B /* UIImageView+AFNetworking.m */ = {isa = PBXFileReference; fileEncoding = 4; lastKnownFileType = sourcecode.c.objc; path = "UIImageView+AFNetworking.m"; sourceTree = "<group>"; };
		871EFB7D14AF97130030658B /* NSObject+SBJson.h */ = {isa = PBXFileReference; fileEncoding = 4; lastKnownFileType = sourcecode.c.h; path = "NSObject+SBJson.h"; sourceTree = "<group>"; };
		871EFB7E14AF97130030658B /* NSObject+SBJson.m */ = {isa = PBXFileReference; fileEncoding = 4; lastKnownFileType = sourcecode.c.objc; path = "NSObject+SBJson.m"; sourceTree = "<group>"; };
		871EFB8014AF97130030658B /* SBJson.h */ = {isa = PBXFileReference; fileEncoding = 4; lastKnownFileType = sourcecode.c.h; path = SBJson.h; sourceTree = "<group>"; };
		871EFB8114AF97130030658B /* SBJsonParser.h */ = {isa = PBXFileReference; fileEncoding = 4; lastKnownFileType = sourcecode.c.h; path = SBJsonParser.h; sourceTree = "<group>"; };
		871EFB8214AF97130030658B /* SBJsonParser.m */ = {isa = PBXFileReference; fileEncoding = 4; lastKnownFileType = sourcecode.c.objc; path = SBJsonParser.m; sourceTree = "<group>"; };
		871EFB8314AF97130030658B /* SBJsonStreamParser.h */ = {isa = PBXFileReference; fileEncoding = 4; lastKnownFileType = sourcecode.c.h; path = SBJsonStreamParser.h; sourceTree = "<group>"; };
		871EFB8414AF97130030658B /* SBJsonStreamParser.m */ = {isa = PBXFileReference; fileEncoding = 4; lastKnownFileType = sourcecode.c.objc; path = SBJsonStreamParser.m; sourceTree = "<group>"; };
		871EFB8514AF97130030658B /* SBJsonStreamParserAccumulator.h */ = {isa = PBXFileReference; fileEncoding = 4; lastKnownFileType = sourcecode.c.h; path = SBJsonStreamParserAccumulator.h; sourceTree = "<group>"; };
		871EFB8614AF97130030658B /* SBJsonStreamParserAccumulator.m */ = {isa = PBXFileReference; fileEncoding = 4; lastKnownFileType = sourcecode.c.objc; path = SBJsonStreamParserAccumulator.m; sourceTree = "<group>"; };
		871EFB8714AF97130030658B /* SBJsonStreamParserAdapter.h */ = {isa = PBXFileReference; fileEncoding = 4; lastKnownFileType = sourcecode.c.h; path = SBJsonStreamParserAdapter.h; sourceTree = "<group>"; };
		871EFB8814AF97130030658B /* SBJsonStreamParserAdapter.m */ = {isa = PBXFileReference; fileEncoding = 4; lastKnownFileType = sourcecode.c.objc; path = SBJsonStreamParserAdapter.m; sourceTree = "<group>"; };
		871EFB8914AF97130030658B /* SBJsonStreamParserState.h */ = {isa = PBXFileReference; fileEncoding = 4; lastKnownFileType = sourcecode.c.h; path = SBJsonStreamParserState.h; sourceTree = "<group>"; };
		871EFB8A14AF97130030658B /* SBJsonStreamParserState.m */ = {isa = PBXFileReference; fileEncoding = 4; lastKnownFileType = sourcecode.c.objc; path = SBJsonStreamParserState.m; sourceTree = "<group>"; };
		871EFB8B14AF97130030658B /* SBJsonStreamWriter.h */ = {isa = PBXFileReference; fileEncoding = 4; lastKnownFileType = sourcecode.c.h; path = SBJsonStreamWriter.h; sourceTree = "<group>"; };
		871EFB8C14AF97130030658B /* SBJsonStreamWriter.m */ = {isa = PBXFileReference; fileEncoding = 4; lastKnownFileType = sourcecode.c.objc; path = SBJsonStreamWriter.m; sourceTree = "<group>"; };
		871EFB8D14AF97130030658B /* SBJsonStreamWriterAccumulator.h */ = {isa = PBXFileReference; fileEncoding = 4; lastKnownFileType = sourcecode.c.h; path = SBJsonStreamWriterAccumulator.h; sourceTree = "<group>"; };
		871EFB8E14AF97130030658B /* SBJsonStreamWriterAccumulator.m */ = {isa = PBXFileReference; fileEncoding = 4; lastKnownFileType = sourcecode.c.objc; path = SBJsonStreamWriterAccumulator.m; sourceTree = "<group>"; };
		871EFB8F14AF97130030658B /* SBJsonStreamWriterState.h */ = {isa = PBXFileReference; fileEncoding = 4; lastKnownFileType = sourcecode.c.h; path = SBJsonStreamWriterState.h; sourceTree = "<group>"; };
		871EFB9014AF97130030658B /* SBJsonStreamWriterState.m */ = {isa = PBXFileReference; fileEncoding = 4; lastKnownFileType = sourcecode.c.objc; path = SBJsonStreamWriterState.m; sourceTree = "<group>"; };
		871EFB9114AF97130030658B /* SBJsonTokeniser.h */ = {isa = PBXFileReference; fileEncoding = 4; lastKnownFileType = sourcecode.c.h; path = SBJsonTokeniser.h; sourceTree = "<group>"; };
		871EFB9214AF97130030658B /* SBJsonTokeniser.m */ = {isa = PBXFileReference; fileEncoding = 4; lastKnownFileType = sourcecode.c.objc; path = SBJsonTokeniser.m; sourceTree = "<group>"; };
		871EFB9314AF97130030658B /* SBJsonUTF8Stream.h */ = {isa = PBXFileReference; fileEncoding = 4; lastKnownFileType = sourcecode.c.h; path = SBJsonUTF8Stream.h; sourceTree = "<group>"; };
		871EFB9414AF97130030658B /* SBJsonUTF8Stream.m */ = {isa = PBXFileReference; fileEncoding = 4; lastKnownFileType = sourcecode.c.objc; path = SBJsonUTF8Stream.m; sourceTree = "<group>"; };
		871EFB9514AF97130030658B /* SBJsonWriter.h */ = {isa = PBXFileReference; fileEncoding = 4; lastKnownFileType = sourcecode.c.h; path = SBJsonWriter.h; sourceTree = "<group>"; };
		871EFB9614AF97130030658B /* SBJsonWriter.m */ = {isa = PBXFileReference; fileEncoding = 4; lastKnownFileType = sourcecode.c.objc; path = SBJsonWriter.m; sourceTree = "<group>"; };
		871EFB9A14AF97130030658B /* SVProgressHUD.bundle */ = {isa = PBXFileReference; lastKnownFileType = "wrapper.plug-in"; path = SVProgressHUD.bundle; sourceTree = "<group>"; };
		871EFB9B14AF97130030658B /* SVProgressHUD.h */ = {isa = PBXFileReference; fileEncoding = 4; lastKnownFileType = sourcecode.c.h; path = SVProgressHUD.h; sourceTree = "<group>"; };
		871EFB9C14AF97130030658B /* SVProgressHUD.m */ = {isa = PBXFileReference; fileEncoding = 4; lastKnownFileType = sourcecode.c.objc; path = SVProgressHUD.m; sourceTree = "<group>"; };
		871EFBBD14AF987B0030658B /* MapTabController.h */ = {isa = PBXFileReference; fileEncoding = 4; lastKnownFileType = sourcecode.c.h; path = MapTabController.h; sourceTree = "<group>"; };
		871EFBBE14AF987B0030658B /* MapTabController.m */ = {isa = PBXFileReference; fileEncoding = 4; lastKnownFileType = sourcecode.c.objc; path = MapTabController.m; sourceTree = "<group>"; };
		8726C6C314B00245004E4872 /* CoreLocation.framework */ = {isa = PBXFileReference; lastKnownFileType = wrapper.framework; name = CoreLocation.framework; path = System/Library/Frameworks/CoreLocation.framework; sourceTree = SDKROOT; };
		872E1C8514B28DB900408DC6 /* Default@2x.png */ = {isa = PBXFileReference; lastKnownFileType = image.png; name = "Default@2x.png"; path = "../../Default@2x.png"; sourceTree = "<group>"; };
		872E1C8814B28DBD00408DC6 /* Default.png */ = {isa = PBXFileReference; lastKnownFileType = image.png; name = Default.png; path = ../../Default.png; sourceTree = "<group>"; };
		872E1C8A14B28DCD00408DC6 /* Default-Portrait~ipad.png */ = {isa = PBXFileReference; lastKnownFileType = image.png; name = "Default-Portrait~ipad.png"; path = "../../Default-Portrait~ipad.png"; sourceTree = "<group>"; };
		872E1C8C14B28DD600408DC6 /* Default-Landscape~ipad.png */ = {isa = PBXFileReference; lastKnownFileType = image.png; name = "Default-Landscape~ipad.png"; path = "../../Default-Landscape~ipad.png"; sourceTree = "<group>"; };
		872E1C9C14B291C400408DC6 /* cap-ipad-72x72.png */ = {isa = PBXFileReference; lastKnownFileType = image.png; name = "cap-ipad-72x72.png"; path = "../../cap-ipad-72x72.png"; sourceTree = "<group>"; };
		872E1C9E14B291DC00408DC6 /* cap.png */ = {isa = PBXFileReference; lastKnownFileType = image.png; name = cap.png; path = ../../cap.png; sourceTree = "<group>"; };
		872E1CA014B291EC00408DC6 /* cap@2x.png */ = {isa = PBXFileReference; lastKnownFileType = image.png; name = "cap@2x.png"; path = "../../cap@2x.png"; sourceTree = "<group>"; };
		8733310F14BCC36A001BF4DB /* EmailLoginSequence.h */ = {isa = PBXFileReference; fileEncoding = 4; lastKnownFileType = sourcecode.c.h; path = EmailLoginSequence.h; sourceTree = "<group>"; };
		8733311014BCC36A001BF4DB /* EmailLoginSequence.m */ = {isa = PBXFileReference; fileEncoding = 4; lastKnownFileType = sourcecode.c.objc; path = EmailLoginSequence.m; sourceTree = "<group>"; };
		8733311614BCFAAB001BF4DB /* TableCellHelper.h */ = {isa = PBXFileReference; fileEncoding = 4; lastKnownFileType = sourcecode.c.h; path = TableCellHelper.h; sourceTree = "<group>"; };
		8733311714BCFAAB001BF4DB /* TableCellHelper.m */ = {isa = PBXFileReference; fileEncoding = 4; lastKnownFileType = sourcecode.c.objc; path = TableCellHelper.m; sourceTree = "<group>"; };
		8733311814BCFAAB001BF4DB /* TableViewControllerHelper.h */ = {isa = PBXFileReference; fileEncoding = 4; lastKnownFileType = sourcecode.c.h; path = TableViewControllerHelper.h; sourceTree = "<group>"; };
		8733311914BCFAAB001BF4DB /* TableViewControllerHelper.m */ = {isa = PBXFileReference; fileEncoding = 4; lastKnownFileType = sourcecode.c.objc; path = TableViewControllerHelper.m; sourceTree = "<group>"; };
		8733312314BCFB0D001BF4DB /* CreateEmailAccountController.h */ = {isa = PBXFileReference; fileEncoding = 4; lastKnownFileType = sourcecode.c.h; path = CreateEmailAccountController.h; sourceTree = "<group>"; };
		8733312414BCFB0D001BF4DB /* CreateEmailAccountController.m */ = {isa = PBXFileReference; fileEncoding = 4; lastKnownFileType = sourcecode.c.objc; path = CreateEmailAccountController.m; sourceTree = "<group>"; };
		8733312514BCFB0D001BF4DB /* CreateEmailAccountController.xib */ = {isa = PBXFileReference; fileEncoding = 4; lastKnownFileType = file.xib; path = CreateEmailAccountController.xib; sourceTree = "<group>"; };
		8745448714B799C100D96134 /* NSDictionaryAdditions.h */ = {isa = PBXFileReference; fileEncoding = 4; lastKnownFileType = sourcecode.c.h; path = NSDictionaryAdditions.h; sourceTree = "<group>"; };
		8745448814B799C100D96134 /* NSDictionaryAdditions.m */ = {isa = PBXFileReference; fileEncoding = 4; lastKnownFileType = sourcecode.c.objc; path = NSDictionaryAdditions.m; sourceTree = "<group>"; };
		8745448914B799C100D96134 /* NSMutableURLRequestAdditions.h */ = {isa = PBXFileReference; fileEncoding = 4; lastKnownFileType = sourcecode.c.h; path = NSMutableURLRequestAdditions.h; sourceTree = "<group>"; };
		8745448A14B799C100D96134 /* NSMutableURLRequestAdditions.m */ = {isa = PBXFileReference; fileEncoding = 4; lastKnownFileType = sourcecode.c.objc; path = NSMutableURLRequestAdditions.m; sourceTree = "<group>"; };
		875CB8F214C5DC8C00AD4F6E /* MapDataSet.h */ = {isa = PBXFileReference; fileEncoding = 4; lastKnownFileType = sourcecode.c.h; path = MapDataSet.h; sourceTree = "<group>"; };
		875CB8F314C5DC8C00AD4F6E /* MapDataSet.m */ = {isa = PBXFileReference; fileEncoding = 4; lastKnownFileType = sourcecode.c.objc; path = MapDataSet.m; sourceTree = "<group>"; };
		87701C4914B2613D00102A77 /* EmptyController.h */ = {isa = PBXFileReference; fileEncoding = 4; lastKnownFileType = sourcecode.c.h; path = EmptyController.h; sourceTree = "<group>"; };
		87701C4A14B2613E00102A77 /* EmptyController.m */ = {isa = PBXFileReference; fileEncoding = 4; lastKnownFileType = sourcecode.c.objc; path = EmptyController.m; sourceTree = "<group>"; };
		879381E214B4E659000EBCED /* Facebook+Blocks.h */ = {isa = PBXFileReference; fileEncoding = 4; lastKnownFileType = sourcecode.c.h; path = "Facebook+Blocks.h"; sourceTree = "<group>"; };
		879381E314B4E659000EBCED /* Facebook+Blocks.m */ = {isa = PBXFileReference; fileEncoding = 4; lastKnownFileType = sourcecode.c.objc; path = "Facebook+Blocks.m"; sourceTree = "<group>"; };
		87DC9A3614BEB92200BA3907 /* SignupController.h */ = {isa = PBXFileReference; fileEncoding = 4; lastKnownFileType = sourcecode.c.h; path = SignupController.h; sourceTree = "<group>"; };
		87DC9A3714BEB92200BA3907 /* SignupController.m */ = {isa = PBXFileReference; fileEncoding = 4; lastKnownFileType = sourcecode.c.objc; path = SignupController.m; sourceTree = "<group>"; };
		87DC9A3814BEB92200BA3907 /* SignupController.xib */ = {isa = PBXFileReference; fileEncoding = 4; lastKnownFileType = file.xib; path = SignupController.xib; sourceTree = "<group>"; };
		87DC9A4014BECB6F00BA3907 /* LoginSequenceBase.h */ = {isa = PBXFileReference; fileEncoding = 4; lastKnownFileType = sourcecode.c.h; path = LoginSequenceBase.h; sourceTree = "<group>"; };
		87DC9A4114BECB6F00BA3907 /* LoginSequenceBase.m */ = {isa = PBXFileReference; fileEncoding = 4; lastKnownFileType = sourcecode.c.objc; path = LoginSequenceBase.m; sourceTree = "<group>"; };
		87F5EF4414AFA68800EB83F7 /* MyWebTabController.h */ = {isa = PBXFileReference; fileEncoding = 4; lastKnownFileType = sourcecode.c.h; path = MyWebTabController.h; sourceTree = "<group>"; };
		87F5EF4514AFA68800EB83F7 /* MyWebTabController.m */ = {isa = PBXFileReference; fileEncoding = 4; lastKnownFileType = sourcecode.c.objc; path = MyWebTabController.m; sourceTree = "<group>"; };
		87F5EF4D14AFAAC500EB83F7 /* Settings.h */ = {isa = PBXFileReference; fileEncoding = 4; lastKnownFileType = sourcecode.c.h; path = Settings.h; sourceTree = "<group>"; };
		87F5EF4E14AFAAC500EB83F7 /* Settings.m */ = {isa = PBXFileReference; fileEncoding = 4; lastKnownFileType = sourcecode.c.objc; path = Settings.m; sourceTree = "<group>"; };
		87F657D714B0D0C800F4AB6C /* SDImageCache.h */ = {isa = PBXFileReference; fileEncoding = 4; lastKnownFileType = sourcecode.c.h; path = SDImageCache.h; sourceTree = "<group>"; };
		87F657D814B0D0C800F4AB6C /* SDImageCache.m */ = {isa = PBXFileReference; fileEncoding = 4; lastKnownFileType = sourcecode.c.objc; path = SDImageCache.m; sourceTree = "<group>"; };
		87F657D914B0D0C800F4AB6C /* SDImageCacheDelegate.h */ = {isa = PBXFileReference; fileEncoding = 4; lastKnownFileType = sourcecode.c.h; path = SDImageCacheDelegate.h; sourceTree = "<group>"; };
		87F657DA14B0D0C800F4AB6C /* SDWebImageCompat.h */ = {isa = PBXFileReference; fileEncoding = 4; lastKnownFileType = sourcecode.c.h; path = SDWebImageCompat.h; sourceTree = "<group>"; };
		87F657DB14B0D0C800F4AB6C /* SDWebImageDecoder.h */ = {isa = PBXFileReference; fileEncoding = 4; lastKnownFileType = sourcecode.c.h; path = SDWebImageDecoder.h; sourceTree = "<group>"; };
		87F657DC14B0D0C800F4AB6C /* SDWebImageDecoder.m */ = {isa = PBXFileReference; fileEncoding = 4; lastKnownFileType = sourcecode.c.objc; path = SDWebImageDecoder.m; sourceTree = "<group>"; };
		87F657DD14B0D0C800F4AB6C /* SDWebImageDownloader.h */ = {isa = PBXFileReference; fileEncoding = 4; lastKnownFileType = sourcecode.c.h; path = SDWebImageDownloader.h; sourceTree = "<group>"; };
		87F657DE14B0D0C800F4AB6C /* SDWebImageDownloader.m */ = {isa = PBXFileReference; fileEncoding = 4; lastKnownFileType = sourcecode.c.objc; path = SDWebImageDownloader.m; sourceTree = "<group>"; };
		87F657DF14B0D0C800F4AB6C /* SDWebImageDownloaderDelegate.h */ = {isa = PBXFileReference; fileEncoding = 4; lastKnownFileType = sourcecode.c.h; path = SDWebImageDownloaderDelegate.h; sourceTree = "<group>"; };
		87F657E014B0D0C800F4AB6C /* SDWebImageManager.h */ = {isa = PBXFileReference; fileEncoding = 4; lastKnownFileType = sourcecode.c.h; path = SDWebImageManager.h; sourceTree = "<group>"; };
		87F657E114B0D0C800F4AB6C /* SDWebImageManager.m */ = {isa = PBXFileReference; fileEncoding = 4; lastKnownFileType = sourcecode.c.objc; path = SDWebImageManager.m; sourceTree = "<group>"; };
		87F657E214B0D0C800F4AB6C /* SDWebImageManagerDelegate.h */ = {isa = PBXFileReference; fileEncoding = 4; lastKnownFileType = sourcecode.c.h; path = SDWebImageManagerDelegate.h; sourceTree = "<group>"; };
		87F657E314B0D0C800F4AB6C /* SDWebImagePrefetcher.h */ = {isa = PBXFileReference; fileEncoding = 4; lastKnownFileType = sourcecode.c.h; path = SDWebImagePrefetcher.h; sourceTree = "<group>"; };
		87F657E414B0D0C800F4AB6C /* SDWebImagePrefetcher.m */ = {isa = PBXFileReference; fileEncoding = 4; lastKnownFileType = sourcecode.c.objc; path = SDWebImagePrefetcher.m; sourceTree = "<group>"; };
		87F657E514B0D0C800F4AB6C /* UIButton+WebCache.h */ = {isa = PBXFileReference; fileEncoding = 4; lastKnownFileType = sourcecode.c.h; path = "UIButton+WebCache.h"; sourceTree = "<group>"; };
		87F657E614B0D0C800F4AB6C /* UIButton+WebCache.m */ = {isa = PBXFileReference; fileEncoding = 4; lastKnownFileType = sourcecode.c.objc; path = "UIButton+WebCache.m"; sourceTree = "<group>"; };
		87F657E714B0D0C800F4AB6C /* UIImageView+WebCache.h */ = {isa = PBXFileReference; fileEncoding = 4; lastKnownFileType = sourcecode.c.h; path = "UIImageView+WebCache.h"; sourceTree = "<group>"; };
		87F657E814B0D0C800F4AB6C /* UIImageView+WebCache.m */ = {isa = PBXFileReference; fileEncoding = 4; lastKnownFileType = sourcecode.c.objc; path = "UIImageView+WebCache.m"; sourceTree = "<group>"; };
		87F657F414B0D2D100F4AB6C /* 63-runner.png */ = {isa = PBXFileReference; lastKnownFileType = image.png; path = "63-runner.png"; sourceTree = "<group>"; };
		87F657FC14B0DC1F00F4AB6C /* UserAnnotation.h */ = {isa = PBXFileReference; fileEncoding = 4; lastKnownFileType = sourcecode.c.h; path = UserAnnotation.h; sourceTree = "<group>"; };
		87F657FD14B0DC1F00F4AB6C /* UserAnnotation.m */ = {isa = PBXFileReference; fileEncoding = 4; lastKnownFileType = sourcecode.c.objc; path = UserAnnotation.m; sourceTree = "<group>"; };
		87F657FF14B0DC2D00F4AB6C /* MissionAnnotation.h */ = {isa = PBXFileReference; fileEncoding = 4; lastKnownFileType = sourcecode.c.h; path = MissionAnnotation.h; sourceTree = "<group>"; };
		87F6580014B0DC2D00F4AB6C /* MissionAnnotation.m */ = {isa = PBXFileReference; fileEncoding = 4; lastKnownFileType = sourcecode.c.objc; path = MissionAnnotation.m; sourceTree = "<group>"; };
		87F6580214B0DDFC00F4AB6C /* CandPAnnotation.h */ = {isa = PBXFileReference; fileEncoding = 4; lastKnownFileType = sourcecode.c.h; path = CandPAnnotation.h; sourceTree = "<group>"; };
		87F6580314B0DDFC00F4AB6C /* CandPAnnotation.m */ = {isa = PBXFileReference; fileEncoding = 4; lastKnownFileType = sourcecode.c.objc; path = CandPAnnotation.m; sourceTree = "<group>"; };
		87F6581414B127CD00F4AB6C /* UserSubview.h */ = {isa = PBXFileReference; fileEncoding = 4; lastKnownFileType = sourcecode.c.h; path = UserSubview.h; sourceTree = "<group>"; };
		87F6581514B127CD00F4AB6C /* UserSubview.m */ = {isa = PBXFileReference; fileEncoding = 4; lastKnownFileType = sourcecode.c.objc; path = UserSubview.m; sourceTree = "<group>"; };
/* End PBXFileReference section */

/* Begin PBXFrameworksBuildPhase section */
		871EFB0314AE9C820030658B /* Frameworks */ = {
			isa = PBXFrameworksBuildPhase;
			buildActionMask = 2147483647;
			files = (
				8726C6C414B00245004E4872 /* CoreLocation.framework in Frameworks */,
				871EFB5F14AEB4950030658B /* MapKit.framework in Frameworks */,
				871EFB0B14AE9C820030658B /* UIKit.framework in Frameworks */,
				871EFB0D14AE9C820030658B /* Foundation.framework in Frameworks */,
				871EFB0F14AE9C820030658B /* CoreGraphics.framework in Frameworks */,
			);
			runOnlyForDeploymentPostprocessing = 0;
		};
		871EFB3114AE9C820030658B /* Frameworks */ = {
			isa = PBXFrameworksBuildPhase;
			buildActionMask = 2147483647;
			files = (
				871EFB3714AE9C820030658B /* SenTestingKit.framework in Frameworks */,
				871EFB3814AE9C820030658B /* UIKit.framework in Frameworks */,
				871EFB3914AE9C820030658B /* Foundation.framework in Frameworks */,
			);
			runOnlyForDeploymentPostprocessing = 0;
		};
/* End PBXFrameworksBuildPhase section */

/* Begin PBXGroup section */
		870835D214B3DEA200439431 /* SA_ActionSheet */ = {
			isa = PBXGroup;
			children = (
				870835D414B3DEA200439431 /* SA_ActionSheet.h */,
				870835D514B3DEA200439431 /* SA_ActionSheet.m */,
			);
			path = SA_ActionSheet;
			sourceTree = "<group>";
		};
		870835DE14B3E1AB00439431 /* facebook-ios-sdk */ = {
			isa = PBXGroup;
			children = (
				870835DF14B3E1AB00439431 /* Facebook.h */,
				870835E014B3E1AB00439431 /* Facebook.m */,
				870835E214B3E1AB00439431 /* FBConnect.h */,
				870835E314B3E1AB00439431 /* FBDialog.bundle */,
				870835E414B3E1AB00439431 /* FBDialog.h */,
				870835E514B3E1AB00439431 /* FBDialog.m */,
				870835E614B3E1AB00439431 /* FBLoginDialog.h */,
				870835E714B3E1AB00439431 /* FBLoginDialog.m */,
				870835E814B3E1AB00439431 /* FBRequest.h */,
				870835E914B3E1AB00439431 /* FBRequest.m */,
			);
			path = "facebook-ios-sdk";
			sourceTree = "<group>";
		};
		8708361B14B4DEB900439431 /* Facebook-with-blocks */ = {
			isa = PBXGroup;
			children = (
				879381E214B4E659000EBCED /* Facebook+Blocks.h */,
				879381E314B4E659000EBCED /* Facebook+Blocks.m */,
				8708361C14B4DEBB00439431 /* FBRequestOperation.h */,
				8708361D14B4DEBB00439431 /* FBRequestOperation.m */,
			);
			path = "Facebook-with-blocks";
			sourceTree = "<group>";
		};
		871EFAFB14AE9C810030658B = {
			isa = PBXGroup;
			children = (
				871EFB1014AE9C820030658B /* candpiosapp */,
				871EFB3C14AE9C820030658B /* candpiosappTests */,
				871EFB0914AE9C820030658B /* Frameworks */,
				871EFB0714AE9C820030658B /* Products */,
			);
			sourceTree = "<group>";
		};
		871EFB0714AE9C820030658B /* Products */ = {
			isa = PBXGroup;
			children = (
				871EFB0614AE9C820030658B /* candp.app */,
				871EFB3514AE9C820030658B /* candpiosappTests.octest */,
			);
			name = Products;
			sourceTree = "<group>";
		};
		871EFB0914AE9C820030658B /* Frameworks */ = {
			isa = PBXGroup;
			children = (
				8726C6C314B00245004E4872 /* CoreLocation.framework */,
				871EFB5E14AEB4950030658B /* MapKit.framework */,
				871EFB0A14AE9C820030658B /* UIKit.framework */,
				871EFB0C14AE9C820030658B /* Foundation.framework */,
				871EFB0E14AE9C820030658B /* CoreGraphics.framework */,
				871EFB3614AE9C820030658B /* SenTestingKit.framework */,
			);
			name = Frameworks;
			sourceTree = "<group>";
		};
		871EFB1014AE9C820030658B /* candpiosapp */ = {
			isa = PBXGroup;
			children = (
				87F657F314B0D2D000F4AB6C /* images */,
				871EFB6014AF97130030658B /* 3rdParty */,
				871EFB1914AE9C820030658B /* AppDelegate.h */,
				871EFB1A14AE9C820030658B /* AppDelegate.m */,
				871EFBBC14AF987B0030658B /* Views */,
				871EFB1C14AE9C820030658B /* MainStoryboard_iPhone.storyboard */,
				87F5EF4C14AFAAC500EB83F7 /* SupportingClasses */,
				871EFB1114AE9C820030658B /* Supporting Files */,
			);
			path = candpiosapp;
			sourceTree = "<group>";
		};
		871EFB1114AE9C820030658B /* Supporting Files */ = {
			isa = PBXGroup;
			children = (
				871EFB1214AE9C820030658B /* candpiosapp-Info.plist */,
				871EFB1314AE9C820030658B /* InfoPlist.strings */,
				871EFB1614AE9C820030658B /* main.m */,
				871EFB1814AE9C820030658B /* candpiosapp-Prefix.pch */,
			);
			name = "Supporting Files";
			sourceTree = "<group>";
		};
		871EFB3C14AE9C820030658B /* candpiosappTests */ = {
			isa = PBXGroup;
			children = (
				871EFB4214AE9C820030658B /* candpiosappTests.h */,
				871EFB4314AE9C820030658B /* candpiosappTests.m */,
				871EFB3D14AE9C820030658B /* Supporting Files */,
			);
			path = candpiosappTests;
			sourceTree = "<group>";
		};
		871EFB3D14AE9C820030658B /* Supporting Files */ = {
			isa = PBXGroup;
			children = (
				871EFB3E14AE9C820030658B /* candpiosappTests-Info.plist */,
				871EFB3F14AE9C820030658B /* InfoPlist.strings */,
			);
			name = "Supporting Files";
			sourceTree = "<group>";
		};
		871EFB6014AF97130030658B /* 3rdParty */ = {
			isa = PBXGroup;
			children = (
				8733311314BCFAAB001BF4DB /* TableViewHelper */,
				8745448514B799C000D96134 /* TapkuLibrary-subset */,
				8708361B14B4DEB900439431 /* Facebook-with-blocks */,
				870835DE14B3E1AB00439431 /* facebook-ios-sdk */,
				870835D214B3DEA200439431 /* SA_ActionSheet */,
				87F657D414B0D0C800F4AB6C /* SDWebImage */,
				871EFB6114AF97130030658B /* AFNetworking */,
				871EFB7A14AF97130030658B /* SBJson */,
				871EFB9714AF97130030658B /* SVProgressHUD */,
			);
			path = 3rdParty;
			sourceTree = "<group>";
		};
		871EFB6114AF97130030658B /* AFNetworking */ = {
			isa = PBXGroup;
			children = (
				871EFB6214AF97130030658B /* AFHTTPClient.h */,
				871EFB6314AF97130030658B /* AFHTTPClient.m */,
				871EFB6414AF97130030658B /* AFHTTPRequestOperation.h */,
				871EFB6514AF97130030658B /* AFHTTPRequestOperation.m */,
				871EFB6614AF97130030658B /* AFImageCache.h */,
				871EFB6714AF97130030658B /* AFImageCache.m */,
				871EFB6814AF97130030658B /* AFImageRequestOperation.h */,
				871EFB6914AF97130030658B /* AFImageRequestOperation.m */,
				871EFB6A14AF97130030658B /* AFJSONRequestOperation.h */,
				871EFB6B14AF97130030658B /* AFJSONRequestOperation.m */,
				871EFB6C14AF97130030658B /* AFJSONUtilities.h */,
				871EFB6D14AF97130030658B /* AFNetworkActivityIndicatorManager.h */,
				871EFB6E14AF97130030658B /* AFNetworkActivityIndicatorManager.m */,
				871EFB6F14AF97130030658B /* AFNetworking.h */,
				871EFB7014AF97130030658B /* AFPropertyListRequestOperation.h */,
				871EFB7114AF97130030658B /* AFPropertyListRequestOperation.m */,
				871EFB7214AF97130030658B /* AFURLConnectionOperation.h */,
				871EFB7314AF97130030658B /* AFURLConnectionOperation.m */,
				871EFB7414AF97130030658B /* AFXMLRequestOperation.h */,
				871EFB7514AF97130030658B /* AFXMLRequestOperation.m */,
				871EFB7814AF97130030658B /* UIImageView+AFNetworking.h */,
				871EFB7914AF97130030658B /* UIImageView+AFNetworking.m */,
			);
			path = AFNetworking;
			sourceTree = "<group>";
		};
		871EFB7A14AF97130030658B /* SBJson */ = {
			isa = PBXGroup;
			children = (
				871EFB7D14AF97130030658B /* NSObject+SBJson.h */,
				871EFB7E14AF97130030658B /* NSObject+SBJson.m */,
				871EFB8014AF97130030658B /* SBJson.h */,
				871EFB8114AF97130030658B /* SBJsonParser.h */,
				871EFB8214AF97130030658B /* SBJsonParser.m */,
				871EFB8314AF97130030658B /* SBJsonStreamParser.h */,
				871EFB8414AF97130030658B /* SBJsonStreamParser.m */,
				871EFB8514AF97130030658B /* SBJsonStreamParserAccumulator.h */,
				871EFB8614AF97130030658B /* SBJsonStreamParserAccumulator.m */,
				871EFB8714AF97130030658B /* SBJsonStreamParserAdapter.h */,
				871EFB8814AF97130030658B /* SBJsonStreamParserAdapter.m */,
				871EFB8914AF97130030658B /* SBJsonStreamParserState.h */,
				871EFB8A14AF97130030658B /* SBJsonStreamParserState.m */,
				871EFB8B14AF97130030658B /* SBJsonStreamWriter.h */,
				871EFB8C14AF97130030658B /* SBJsonStreamWriter.m */,
				871EFB8D14AF97130030658B /* SBJsonStreamWriterAccumulator.h */,
				871EFB8E14AF97130030658B /* SBJsonStreamWriterAccumulator.m */,
				871EFB8F14AF97130030658B /* SBJsonStreamWriterState.h */,
				871EFB9014AF97130030658B /* SBJsonStreamWriterState.m */,
				871EFB9114AF97130030658B /* SBJsonTokeniser.h */,
				871EFB9214AF97130030658B /* SBJsonTokeniser.m */,
				871EFB9314AF97130030658B /* SBJsonUTF8Stream.h */,
				871EFB9414AF97130030658B /* SBJsonUTF8Stream.m */,
				871EFB9514AF97130030658B /* SBJsonWriter.h */,
				871EFB9614AF97130030658B /* SBJsonWriter.m */,
			);
			path = SBJson;
			sourceTree = "<group>";
		};
		871EFB9714AF97130030658B /* SVProgressHUD */ = {
			isa = PBXGroup;
			children = (
				871EFB9A14AF97130030658B /* SVProgressHUD.bundle */,
				871EFB9B14AF97130030658B /* SVProgressHUD.h */,
				871EFB9C14AF97130030658B /* SVProgressHUD.m */,
			);
			path = SVProgressHUD;
			sourceTree = "<group>";
		};
		871EFBBC14AF987B0030658B /* Views */ = {
			isa = PBXGroup;
			children = (
				871EFBBD14AF987B0030658B /* MapTabController.h */,
				871EFBBE14AF987B0030658B /* MapTabController.m */,
				87F5EF4414AFA68800EB83F7 /* MyWebTabController.h */,
				87F5EF4514AFA68800EB83F7 /* MyWebTabController.m */,
				87701C4914B2613D00102A77 /* EmptyController.h */,
				87701C4A14B2613E00102A77 /* EmptyController.m */,
				32C762F614BEB48500FE25E4 /* UserListTableViewController.h */,
				32C762F714BEB48500FE25E4 /* UserListTableViewController.m */,
				32FF63D214BB935100E99F55 /* CheckInListTableViewController.h */,
				32FF63D314BB935100E99F55 /* CheckInListTableViewController.m */,
				32FF63D914BBE71A00E99F55 /* CheckInDetailsViewController.h */,
				32FF63DA14BBE71A00E99F55 /* CheckInDetailsViewController.m */,
				32FF63DB14BBE71B00E99F55 /* CheckInDetailsViewController.xib */,
				87DC9A3614BEB92200BA3907 /* SignupController.h */,
				87DC9A3714BEB92200BA3907 /* SignupController.m */,
				87DC9A3814BEB92200BA3907 /* SignupController.xib */,
				8733312314BCFB0D001BF4DB /* CreateEmailAccountController.h */,
				8733312414BCFB0D001BF4DB /* CreateEmailAccountController.m */,
				8733312514BCFB0D001BF4DB /* CreateEmailAccountController.xib */,
				32E3CD8314C39B94001EA2AB /* UserTableViewCell.h */,
				32E3CD8414C39B94001EA2AB /* UserTableViewCell.m */,
				32E3CD8514C39B94001EA2AB /* UserTableViewCell.xib */,
			);
			path = Views;
			sourceTree = "<group>";
		};
		8733311314BCFAAB001BF4DB /* TableViewHelper */ = {
			isa = PBXGroup;
			children = (
				8733311614BCFAAB001BF4DB /* TableCellHelper.h */,
				8733311714BCFAAB001BF4DB /* TableCellHelper.m */,
				8733311814BCFAAB001BF4DB /* TableViewControllerHelper.h */,
				8733311914BCFAAB001BF4DB /* TableViewControllerHelper.m */,
			);
			path = TableViewHelper;
			sourceTree = "<group>";
		};
		8745448514B799C000D96134 /* TapkuLibrary-subset */ = {
			isa = PBXGroup;
			children = (
				8745448714B799C100D96134 /* NSDictionaryAdditions.h */,
				8745448814B799C100D96134 /* NSDictionaryAdditions.m */,
				8745448914B799C100D96134 /* NSMutableURLRequestAdditions.h */,
				8745448A14B799C100D96134 /* NSMutableURLRequestAdditions.m */,
			);
			path = "TapkuLibrary-subset";
			sourceTree = "<group>";
		};
		87F5EF4C14AFAAC500EB83F7 /* SupportingClasses */ = {
			isa = PBXGroup;
			children = (
				87F5EF4D14AFAAC500EB83F7 /* Settings.h */,
				87F5EF4E14AFAAC500EB83F7 /* Settings.m */,
				87F657FC14B0DC1F00F4AB6C /* UserAnnotation.h */,
				87F657FD14B0DC1F00F4AB6C /* UserAnnotation.m */,
				87F657FF14B0DC2D00F4AB6C /* MissionAnnotation.h */,
				87F6580014B0DC2D00F4AB6C /* MissionAnnotation.m */,
				87F6580214B0DDFC00F4AB6C /* CandPAnnotation.h */,
				87F6580314B0DDFC00F4AB6C /* CandPAnnotation.m */,
				87F6581414B127CD00F4AB6C /* UserSubview.h */,
				87F6581514B127CD00F4AB6C /* UserSubview.m */,
				87DC9A4014BECB6F00BA3907 /* LoginSequenceBase.h */,
				87DC9A4114BECB6F00BA3907 /* LoginSequenceBase.m */,
				8708361814B4BF4A00439431 /* FacebookLoginSequence.h */,
				8708361914B4BF4B00439431 /* FacebookLoginSequence.m */,
				8733310F14BCC36A001BF4DB /* EmailLoginSequence.h */,
				8733311014BCC36A001BF4DB /* EmailLoginSequence.m */,
				32FF63E214BBFAE300E99F55 /* CPPlace.h */,
				32FF63E314BBFAE300E99F55 /* CPPlace.m */,
				32FF63F514BC0BF700E99F55 /* BaseViewController.h */,
				32FF63F614BC0BF700E99F55 /* BaseViewController.m */,
				32E3CD8D14C3AAA5001EA2AB /* WebView.xib */,
				32E3CD8E14C3AAA5001EA2AB /* WebViewController.h */,
				32E3CD8F14C3AAA5001EA2AB /* WebViewController.m */,
				875CB8F214C5DC8C00AD4F6E /* MapDataSet.h */,
				875CB8F314C5DC8C00AD4F6E /* MapDataSet.m */,
			);
			path = SupportingClasses;
			sourceTree = "<group>";
		};
		87F657D414B0D0C800F4AB6C /* SDWebImage */ = {
			isa = PBXGroup;
			children = (
				87F657D714B0D0C800F4AB6C /* SDImageCache.h */,
				87F657D814B0D0C800F4AB6C /* SDImageCache.m */,
				87F657D914B0D0C800F4AB6C /* SDImageCacheDelegate.h */,
				87F657DA14B0D0C800F4AB6C /* SDWebImageCompat.h */,
				87F657DB14B0D0C800F4AB6C /* SDWebImageDecoder.h */,
				87F657DC14B0D0C800F4AB6C /* SDWebImageDecoder.m */,
				87F657DD14B0D0C800F4AB6C /* SDWebImageDownloader.h */,
				87F657DE14B0D0C800F4AB6C /* SDWebImageDownloader.m */,
				87F657DF14B0D0C800F4AB6C /* SDWebImageDownloaderDelegate.h */,
				87F657E014B0D0C800F4AB6C /* SDWebImageManager.h */,
				87F657E114B0D0C800F4AB6C /* SDWebImageManager.m */,
				87F657E214B0D0C800F4AB6C /* SDWebImageManagerDelegate.h */,
				87F657E314B0D0C800F4AB6C /* SDWebImagePrefetcher.h */,
				87F657E414B0D0C800F4AB6C /* SDWebImagePrefetcher.m */,
				87F657E514B0D0C800F4AB6C /* UIButton+WebCache.h */,
				87F657E614B0D0C800F4AB6C /* UIButton+WebCache.m */,
				87F657E714B0D0C800F4AB6C /* UIImageView+WebCache.h */,
				87F657E814B0D0C800F4AB6C /* UIImageView+WebCache.m */,
			);
			path = SDWebImage;
			sourceTree = "<group>";
		};
		87F657F314B0D2D000F4AB6C /* images */ = {
			isa = PBXGroup;
			children = (
				871C446A14BD72FC003B720F /* button_disabled.png */,
				871C446B14BD72FC003B720F /* button_disabled@2x.png */,
				871C446514BD7293003B720F /* button.png */,
				871C446614BD7293003B720F /* button@2x.png */,
				872E1CA014B291EC00408DC6 /* cap@2x.png */,
				872E1C9E14B291DC00408DC6 /* cap.png */,
				872E1C9C14B291C400408DC6 /* cap-ipad-72x72.png */,
				872E1C8C14B28DD600408DC6 /* Default-Landscape~ipad.png */,
				872E1C8A14B28DCD00408DC6 /* Default-Portrait~ipad.png */,
				872E1C8814B28DBD00408DC6 /* Default.png */,
				872E1C8514B28DB900408DC6 /* Default@2x.png */,
				87F657F414B0D2D100F4AB6C /* 63-runner.png */,
				32FF63E914BC050000E99F55 /* checkin.png */,
				32FF63EA14BC050000E99F55 /* checkin@2x.png */,
				32C762ED14BEAD1D00FE25E4 /* refresh.png */,
				32C762EE14BEAD1D00FE25E4 /* refresh@2x.png */,
			);
			path = images;
			sourceTree = "<group>";
		};
/* End PBXGroup section */

/* Begin PBXNativeTarget section */
		871EFB0514AE9C820030658B /* candp */ = {
			isa = PBXNativeTarget;
			buildConfigurationList = 871EFB4714AE9C820030658B /* Build configuration list for PBXNativeTarget "candp" */;
			buildPhases = (
				871EFB0214AE9C820030658B /* Sources */,
				871EFB0314AE9C820030658B /* Frameworks */,
				871EFB0414AE9C820030658B /* Resources */,
			);
			buildRules = (
			);
			dependencies = (
			);
			name = candp;
			productName = candpiosapp;
			productReference = 871EFB0614AE9C820030658B /* candp.app */;
			productType = "com.apple.product-type.application";
		};
		871EFB3414AE9C820030658B /* candpiosappTests */ = {
			isa = PBXNativeTarget;
			buildConfigurationList = 871EFB4A14AE9C820030658B /* Build configuration list for PBXNativeTarget "candpiosappTests" */;
			buildPhases = (
				871EFB3014AE9C820030658B /* Sources */,
				871EFB3114AE9C820030658B /* Frameworks */,
				871EFB3214AE9C820030658B /* Resources */,
				871EFB3314AE9C820030658B /* ShellScript */,
			);
			buildRules = (
			);
			dependencies = (
				871EFB3B14AE9C820030658B /* PBXTargetDependency */,
			);
			name = candpiosappTests;
			productName = candpiosappTests;
			productReference = 871EFB3514AE9C820030658B /* candpiosappTests.octest */;
			productType = "com.apple.product-type.bundle";
		};
/* End PBXNativeTarget section */

/* Begin PBXProject section */
		871EFAFD14AE9C810030658B /* Project object */ = {
			isa = PBXProject;
			attributes = {
				LastUpgradeCheck = 0420;
				ORGANIZATIONNAME = "Coffee and Power Inc";
			};
			buildConfigurationList = 871EFB0014AE9C810030658B /* Build configuration list for PBXProject "candpiosapp" */;
			compatibilityVersion = "Xcode 3.2";
			developmentRegion = English;
			hasScannedForEncodings = 0;
			knownRegions = (
				en,
			);
			mainGroup = 871EFAFB14AE9C810030658B;
			productRefGroup = 871EFB0714AE9C820030658B /* Products */;
			projectDirPath = "";
			projectRoot = "";
			targets = (
				871EFB0514AE9C820030658B /* candp */,
				871EFB3414AE9C820030658B /* candpiosappTests */,
			);
		};
/* End PBXProject section */

/* Begin PBXResourcesBuildPhase section */
		871EFB0414AE9C820030658B /* Resources */ = {
			isa = PBXResourcesBuildPhase;
			buildActionMask = 2147483647;
			files = (
				871EFB1514AE9C820030658B /* InfoPlist.strings in Resources */,
				871EFB1E14AE9C820030658B /* MainStoryboard_iPhone.storyboard in Resources */,
				871EFBBA14AF97130030658B /* SVProgressHUD.bundle in Resources */,
				87F657F514B0D2D100F4AB6C /* 63-runner.png in Resources */,
				872E1C8614B28DB900408DC6 /* Default@2x.png in Resources */,
				872E1C8914B28DBD00408DC6 /* Default.png in Resources */,
				872E1C8D14B28DD600408DC6 /* Default-Landscape~ipad.png in Resources */,
				872E1C9D14B291C400408DC6 /* cap-ipad-72x72.png in Resources */,
				872E1C9F14B291DC00408DC6 /* cap.png in Resources */,
				872E1CA114B291EC00408DC6 /* cap@2x.png in Resources */,
				872E1CA214B2C91B00408DC6 /* Default-Portrait~ipad.png in Resources */,
				870835F914B3E1AC00439431 /* FBDialog.bundle in Resources */,
				32FF63DD14BBE71B00E99F55 /* CheckInDetailsViewController.xib in Resources */,
				32FF63EB14BC050000E99F55 /* checkin.png in Resources */,
				32FF63EC14BC050000E99F55 /* checkin@2x.png in Resources */,
				8733312714BCFB0D001BF4DB /* CreateEmailAccountController.xib in Resources */,
				871C446714BD7293003B720F /* button.png in Resources */,
				871C446814BD7293003B720F /* button@2x.png in Resources */,
				871C446C14BD72FC003B720F /* button_disabled.png in Resources */,
				871C446D14BD72FC003B720F /* button_disabled@2x.png in Resources */,
				87DC9A3A14BEB92200BA3907 /* SignupController.xib in Resources */,
				32C762EF14BEAD1D00FE25E4 /* refresh.png in Resources */,
				32C762F014BEAD1D00FE25E4 /* refresh@2x.png in Resources */,
				32E3CD8714C39B94001EA2AB /* UserTableViewCell.xib in Resources */,
				32E3CD9014C3AAA5001EA2AB /* WebView.xib in Resources */,
			);
			runOnlyForDeploymentPostprocessing = 0;
		};
		871EFB3214AE9C820030658B /* Resources */ = {
			isa = PBXResourcesBuildPhase;
			buildActionMask = 2147483647;
			files = (
				871EFB4114AE9C820030658B /* InfoPlist.strings in Resources */,
			);
			runOnlyForDeploymentPostprocessing = 0;
		};
/* End PBXResourcesBuildPhase section */

/* Begin PBXShellScriptBuildPhase section */
		871EFB3314AE9C820030658B /* ShellScript */ = {
			isa = PBXShellScriptBuildPhase;
			buildActionMask = 2147483647;
			files = (
			);
			inputPaths = (
			);
			outputPaths = (
			);
			runOnlyForDeploymentPostprocessing = 0;
			shellPath = /bin/sh;
			shellScript = "# Run the unit tests in this test bundle.\n\"${SYSTEM_DEVELOPER_DIR}/Tools/RunUnitTests\"\n";
		};
/* End PBXShellScriptBuildPhase section */

/* Begin PBXSourcesBuildPhase section */
		871EFB0214AE9C820030658B /* Sources */ = {
			isa = PBXSourcesBuildPhase;
			buildActionMask = 2147483647;
			files = (
				871EFB1714AE9C820030658B /* main.m in Sources */,
				871EFB1B14AE9C820030658B /* AppDelegate.m in Sources */,
				871EFB9D14AF97130030658B /* AFHTTPClient.m in Sources */,
				871EFB9E14AF97130030658B /* AFHTTPRequestOperation.m in Sources */,
				871EFB9F14AF97130030658B /* AFImageCache.m in Sources */,
				871EFBA014AF97130030658B /* AFImageRequestOperation.m in Sources */,
				871EFBA114AF97130030658B /* AFJSONRequestOperation.m in Sources */,
				871EFBA214AF97130030658B /* AFNetworkActivityIndicatorManager.m in Sources */,
				871EFBA314AF97130030658B /* AFPropertyListRequestOperation.m in Sources */,
				871EFBA414AF97130030658B /* AFURLConnectionOperation.m in Sources */,
				871EFBA514AF97130030658B /* AFXMLRequestOperation.m in Sources */,
				871EFBA814AF97130030658B /* UIImageView+AFNetworking.m in Sources */,
				871EFBAB14AF97130030658B /* NSObject+SBJson.m in Sources */,
				871EFBAD14AF97130030658B /* SBJsonParser.m in Sources */,
				871EFBAE14AF97130030658B /* SBJsonStreamParser.m in Sources */,
				871EFBAF14AF97130030658B /* SBJsonStreamParserAccumulator.m in Sources */,
				871EFBB014AF97130030658B /* SBJsonStreamParserAdapter.m in Sources */,
				871EFBB114AF97130030658B /* SBJsonStreamParserState.m in Sources */,
				871EFBB214AF97130030658B /* SBJsonStreamWriter.m in Sources */,
				871EFBB314AF97130030658B /* SBJsonStreamWriterAccumulator.m in Sources */,
				871EFBB414AF97130030658B /* SBJsonStreamWriterState.m in Sources */,
				871EFBB514AF97130030658B /* SBJsonTokeniser.m in Sources */,
				871EFBB614AF97130030658B /* SBJsonUTF8Stream.m in Sources */,
				871EFBB714AF97130030658B /* SBJsonWriter.m in Sources */,
				871EFBBB14AF97130030658B /* SVProgressHUD.m in Sources */,
				871EFBBF14AF987B0030658B /* MapTabController.m in Sources */,
				87F5EF4614AFA68900EB83F7 /* MyWebTabController.m in Sources */,
				87F5EF4F14AFAAC500EB83F7 /* Settings.m in Sources */,
				87F657EB14B0D0C800F4AB6C /* SDImageCache.m in Sources */,
				87F657EC14B0D0C800F4AB6C /* SDWebImageDecoder.m in Sources */,
				87F657ED14B0D0C800F4AB6C /* SDWebImageDownloader.m in Sources */,
				87F657EE14B0D0C800F4AB6C /* SDWebImageManager.m in Sources */,
				87F657EF14B0D0C800F4AB6C /* SDWebImagePrefetcher.m in Sources */,
				87F657F014B0D0C800F4AB6C /* UIButton+WebCache.m in Sources */,
				87F657F114B0D0C800F4AB6C /* UIImageView+WebCache.m in Sources */,
				87F657FE14B0DC1F00F4AB6C /* UserAnnotation.m in Sources */,
				87F6580114B0DC2D00F4AB6C /* MissionAnnotation.m in Sources */,
				87F6580414B0DDFD00F4AB6C /* CandPAnnotation.m in Sources */,
				87F6581614B127CE00F4AB6C /* UserSubview.m in Sources */,
				87701C4B14B2613E00102A77 /* EmptyController.m in Sources */,
				870835D714B3DEA200439431 /* SA_ActionSheet.m in Sources */,
				870835F814B3E1AC00439431 /* Facebook.m in Sources */,
				870835FA14B3E1AC00439431 /* FBDialog.m in Sources */,
				870835FB14B3E1AC00439431 /* FBLoginDialog.m in Sources */,
				870835FC14B3E1AC00439431 /* FBRequest.m in Sources */,
				8708361A14B4BF4B00439431 /* FacebookLoginSequence.m in Sources */,
				8708361E14B4DEBB00439431 /* FBRequestOperation.m in Sources */,
				879381E414B4E659000EBCED /* Facebook+Blocks.m in Sources */,
				8745448D14B799C100D96134 /* NSDictionaryAdditions.m in Sources */,
				8745448E14B799C100D96134 /* NSMutableURLRequestAdditions.m in Sources */,
				32FF63D414BB935100E99F55 /* CheckInListTableViewController.m in Sources */,
				32FF63DC14BBE71B00E99F55 /* CheckInDetailsViewController.m in Sources */,
				32FF63E414BBFAE300E99F55 /* CPPlace.m in Sources */,
				32FF63F714BC0BF700E99F55 /* BaseViewController.m in Sources */,
				8733311114BCC36B001BF4DB /* EmailLoginSequence.m in Sources */,
				8733311C14BCFAAB001BF4DB /* TableCellHelper.m in Sources */,
				8733311D14BCFAAB001BF4DB /* TableViewControllerHelper.m in Sources */,
				8733312614BCFB0D001BF4DB /* CreateEmailAccountController.m in Sources */,
				32C762F814BEB48500FE25E4 /* UserListTableViewController.m in Sources */,
				87DC9A3914BEB92200BA3907 /* SignupController.m in Sources */,
				87DC9A4214BECB6F00BA3907 /* LoginSequenceBase.m in Sources */,
				32E3CD8614C39B94001EA2AB /* UserTableViewCell.m in Sources */,
				32E3CD9114C3AAA5001EA2AB /* WebViewController.m in Sources */,
				875CB8F414C5DC8C00AD4F6E /* MapDataSet.m in Sources */,
			);
			runOnlyForDeploymentPostprocessing = 0;
		};
		871EFB3014AE9C820030658B /* Sources */ = {
			isa = PBXSourcesBuildPhase;
			buildActionMask = 2147483647;
			files = (
				871EFB4414AE9C820030658B /* candpiosappTests.m in Sources */,
			);
			runOnlyForDeploymentPostprocessing = 0;
		};
/* End PBXSourcesBuildPhase section */

/* Begin PBXTargetDependency section */
		871EFB3B14AE9C820030658B /* PBXTargetDependency */ = {
			isa = PBXTargetDependency;
			target = 871EFB0514AE9C820030658B /* candp */;
			targetProxy = 871EFB3A14AE9C820030658B /* PBXContainerItemProxy */;
		};
/* End PBXTargetDependency section */

/* Begin PBXVariantGroup section */
		871EFB1314AE9C820030658B /* InfoPlist.strings */ = {
			isa = PBXVariantGroup;
			children = (
				871EFB1414AE9C820030658B /* en */,
			);
			name = InfoPlist.strings;
			sourceTree = "<group>";
		};
		871EFB1C14AE9C820030658B /* MainStoryboard_iPhone.storyboard */ = {
			isa = PBXVariantGroup;
			children = (
				871EFB1D14AE9C820030658B /* en */,
			);
			name = MainStoryboard_iPhone.storyboard;
			sourceTree = "<group>";
		};
		871EFB3F14AE9C820030658B /* InfoPlist.strings */ = {
			isa = PBXVariantGroup;
			children = (
				871EFB4014AE9C820030658B /* en */,
			);
			name = InfoPlist.strings;
			sourceTree = "<group>";
		};
/* End PBXVariantGroup section */

/* Begin XCBuildConfiguration section */
		871EFB4514AE9C820030658B /* Debug */ = {
			isa = XCBuildConfiguration;
			buildSettings = {
				ALWAYS_SEARCH_USER_PATHS = NO;
				ARCHS = "$(ARCHS_STANDARD_32_BIT)";
				CLANG_ENABLE_OBJC_ARC = YES;
				"CODE_SIGN_IDENTITY[sdk=iphoneos*]" = "iPhone Developer";
				COPY_PHASE_STRIP = NO;
				GCC_C_LANGUAGE_STANDARD = gnu99;
				GCC_DYNAMIC_NO_PIC = NO;
				GCC_OPTIMIZATION_LEVEL = 0;
				GCC_PREPROCESSOR_DEFINITIONS = (
					"DEBUG=1",
					"$(inherited)",
				);
				GCC_SYMBOLS_PRIVATE_EXTERN = NO;
				GCC_VERSION = com.apple.compilers.llvm.clang.1_0;
				GCC_WARN_ABOUT_MISSING_PROTOTYPES = YES;
				GCC_WARN_ABOUT_RETURN_TYPE = YES;
				GCC_WARN_UNUSED_VARIABLE = YES;
				IPHONEOS_DEPLOYMENT_TARGET = 5.0;
				SDKROOT = iphoneos;
				TARGETED_DEVICE_FAMILY = "1,2";
			};
			name = Debug;
		};
		871EFB4614AE9C820030658B /* Release */ = {
			isa = XCBuildConfiguration;
			buildSettings = {
				ALWAYS_SEARCH_USER_PATHS = NO;
				ARCHS = "$(ARCHS_STANDARD_32_BIT)";
				CLANG_ENABLE_OBJC_ARC = YES;
				"CODE_SIGN_IDENTITY[sdk=iphoneos*]" = "iPhone Developer";
				COPY_PHASE_STRIP = YES;
				GCC_C_LANGUAGE_STANDARD = gnu99;
				GCC_VERSION = com.apple.compilers.llvm.clang.1_0;
				GCC_WARN_ABOUT_MISSING_PROTOTYPES = YES;
				GCC_WARN_ABOUT_RETURN_TYPE = YES;
				GCC_WARN_UNUSED_VARIABLE = YES;
				IPHONEOS_DEPLOYMENT_TARGET = 5.0;
				OTHER_CFLAGS = "-DNS_BLOCK_ASSERTIONS=1";
				SDKROOT = iphoneos;
				TARGETED_DEVICE_FAMILY = "1,2";
				VALIDATE_PRODUCT = YES;
			};
			name = Release;
		};
		871EFB4814AE9C820030658B /* Debug */ = {
			isa = XCBuildConfiguration;
			buildSettings = {
				GCC_PRECOMPILE_PREFIX_HEADER = YES;
				GCC_PREFIX_HEADER = "candpiosapp/candpiosapp-Prefix.pch";
				INFOPLIST_FILE = "candpiosapp/candpiosapp-Info.plist";
				PRODUCT_NAME = "$(TARGET_NAME)";
				WRAPPER_EXTENSION = app;
			};
			name = Debug;
		};
		871EFB4914AE9C820030658B /* Release */ = {
			isa = XCBuildConfiguration;
			buildSettings = {
				GCC_PRECOMPILE_PREFIX_HEADER = YES;
				GCC_PREFIX_HEADER = "candpiosapp/candpiosapp-Prefix.pch";
				INFOPLIST_FILE = "candpiosapp/candpiosapp-Info.plist";
				PRODUCT_NAME = "$(TARGET_NAME)";
				WRAPPER_EXTENSION = app;
			};
			name = Release;
		};
		871EFB4B14AE9C820030658B /* Debug */ = {
			isa = XCBuildConfiguration;
			buildSettings = {
				BUNDLE_LOADER = "$(BUILT_PRODUCTS_DIR)/candpiosapp.app/candpiosapp";
				FRAMEWORK_SEARCH_PATHS = (
					"$(SDKROOT)/Developer/Library/Frameworks",
					"$(DEVELOPER_LIBRARY_DIR)/Frameworks",
				);
				GCC_PRECOMPILE_PREFIX_HEADER = YES;
				GCC_PREFIX_HEADER = "candpiosapp/candpiosapp-Prefix.pch";
				INFOPLIST_FILE = "candpiosappTests/candpiosappTests-Info.plist";
				PRODUCT_NAME = "$(TARGET_NAME)";
				TEST_HOST = "$(BUNDLE_LOADER)";
				WRAPPER_EXTENSION = octest;
			};
			name = Debug;
		};
		871EFB4C14AE9C820030658B /* Release */ = {
			isa = XCBuildConfiguration;
			buildSettings = {
				BUNDLE_LOADER = "$(BUILT_PRODUCTS_DIR)/candpiosapp.app/candpiosapp";
				FRAMEWORK_SEARCH_PATHS = (
					"$(SDKROOT)/Developer/Library/Frameworks",
					"$(DEVELOPER_LIBRARY_DIR)/Frameworks",
				);
				GCC_PRECOMPILE_PREFIX_HEADER = YES;
				GCC_PREFIX_HEADER = "candpiosapp/candpiosapp-Prefix.pch";
				INFOPLIST_FILE = "candpiosappTests/candpiosappTests-Info.plist";
				PRODUCT_NAME = "$(TARGET_NAME)";
				TEST_HOST = "$(BUNDLE_LOADER)";
				WRAPPER_EXTENSION = octest;
			};
			name = Release;
		};
/* End XCBuildConfiguration section */

/* Begin XCConfigurationList section */
		871EFB0014AE9C810030658B /* Build configuration list for PBXProject "candpiosapp" */ = {
			isa = XCConfigurationList;
			buildConfigurations = (
				871EFB4514AE9C820030658B /* Debug */,
				871EFB4614AE9C820030658B /* Release */,
			);
			defaultConfigurationIsVisible = 0;
			defaultConfigurationName = Release;
		};
		871EFB4714AE9C820030658B /* Build configuration list for PBXNativeTarget "candp" */ = {
			isa = XCConfigurationList;
			buildConfigurations = (
				871EFB4814AE9C820030658B /* Debug */,
				871EFB4914AE9C820030658B /* Release */,
			);
			defaultConfigurationIsVisible = 0;
			defaultConfigurationName = Release;
		};
		871EFB4A14AE9C820030658B /* Build configuration list for PBXNativeTarget "candpiosappTests" */ = {
			isa = XCConfigurationList;
			buildConfigurations = (
				871EFB4B14AE9C820030658B /* Debug */,
				871EFB4C14AE9C820030658B /* Release */,
			);
			defaultConfigurationIsVisible = 0;
			defaultConfigurationName = Release;
		};
/* End XCConfigurationList section */
	};
	rootObject = 871EFAFD14AE9C810030658B /* Project object */;
}
