// !$*UTF8*$!
{
	archiveVersion = 1;
	classes = {
	};
	objectVersion = 46;
	objects = {

/* Begin PBXBuildFile section */
		871EFB0B14AE9C820030658B /* UIKit.framework in Frameworks */ = {isa = PBXBuildFile; fileRef = 871EFB0A14AE9C820030658B /* UIKit.framework */; };
		871EFB0D14AE9C820030658B /* Foundation.framework in Frameworks */ = {isa = PBXBuildFile; fileRef = 871EFB0C14AE9C820030658B /* Foundation.framework */; };
		871EFB0F14AE9C820030658B /* CoreGraphics.framework in Frameworks */ = {isa = PBXBuildFile; fileRef = 871EFB0E14AE9C820030658B /* CoreGraphics.framework */; };
		871EFB1514AE9C820030658B /* InfoPlist.strings in Resources */ = {isa = PBXBuildFile; fileRef = 871EFB1314AE9C820030658B /* InfoPlist.strings */; };
		871EFB1714AE9C820030658B /* main.m in Sources */ = {isa = PBXBuildFile; fileRef = 871EFB1614AE9C820030658B /* main.m */; };
		871EFB1B14AE9C820030658B /* AppDelegate.m in Sources */ = {isa = PBXBuildFile; fileRef = 871EFB1A14AE9C820030658B /* AppDelegate.m */; };
		871EFB1E14AE9C820030658B /* MainStoryboard_iPhone.storyboard in Resources */ = {isa = PBXBuildFile; fileRef = 871EFB1C14AE9C820030658B /* MainStoryboard_iPhone.storyboard */; };
		871EFB3714AE9C820030658B /* SenTestingKit.framework in Frameworks */ = {isa = PBXBuildFile; fileRef = 871EFB3614AE9C820030658B /* SenTestingKit.framework */; };
		871EFB3814AE9C820030658B /* UIKit.framework in Frameworks */ = {isa = PBXBuildFile; fileRef = 871EFB0A14AE9C820030658B /* UIKit.framework */; };
		871EFB3914AE9C820030658B /* Foundation.framework in Frameworks */ = {isa = PBXBuildFile; fileRef = 871EFB0C14AE9C820030658B /* Foundation.framework */; };
		871EFB4114AE9C820030658B /* InfoPlist.strings in Resources */ = {isa = PBXBuildFile; fileRef = 871EFB3F14AE9C820030658B /* InfoPlist.strings */; };
		871EFB4414AE9C820030658B /* candpiosappTests.m in Sources */ = {isa = PBXBuildFile; fileRef = 871EFB4314AE9C820030658B /* candpiosappTests.m */; };
		871EFB5F14AEB4950030658B /* MapKit.framework in Frameworks */ = {isa = PBXBuildFile; fileRef = 871EFB5E14AEB4950030658B /* MapKit.framework */; };
		871EFB9D14AF97130030658B /* AFHTTPClient.m in Sources */ = {isa = PBXBuildFile; fileRef = 871EFB6314AF97130030658B /* AFHTTPClient.m */; settings = {COMPILER_FLAGS = "-fno-objc-arc"; }; };
		871EFB9E14AF97130030658B /* AFHTTPRequestOperation.m in Sources */ = {isa = PBXBuildFile; fileRef = 871EFB6514AF97130030658B /* AFHTTPRequestOperation.m */; settings = {COMPILER_FLAGS = "-fno-objc-arc"; }; };
		871EFB9F14AF97130030658B /* AFImageCache.m in Sources */ = {isa = PBXBuildFile; fileRef = 871EFB6714AF97130030658B /* AFImageCache.m */; settings = {COMPILER_FLAGS = "-fno-objc-arc"; }; };
		871EFBA014AF97130030658B /* AFImageRequestOperation.m in Sources */ = {isa = PBXBuildFile; fileRef = 871EFB6914AF97130030658B /* AFImageRequestOperation.m */; settings = {COMPILER_FLAGS = "-fno-objc-arc"; }; };
		871EFBA114AF97130030658B /* AFJSONRequestOperation.m in Sources */ = {isa = PBXBuildFile; fileRef = 871EFB6B14AF97130030658B /* AFJSONRequestOperation.m */; settings = {COMPILER_FLAGS = "-fno-objc-arc"; }; };
		871EFBA214AF97130030658B /* AFNetworkActivityIndicatorManager.m in Sources */ = {isa = PBXBuildFile; fileRef = 871EFB6E14AF97130030658B /* AFNetworkActivityIndicatorManager.m */; settings = {COMPILER_FLAGS = "-fno-objc-arc"; }; };
		871EFBA314AF97130030658B /* AFPropertyListRequestOperation.m in Sources */ = {isa = PBXBuildFile; fileRef = 871EFB7114AF97130030658B /* AFPropertyListRequestOperation.m */; settings = {COMPILER_FLAGS = "-fno-objc-arc"; }; };
		871EFBA414AF97130030658B /* AFURLConnectionOperation.m in Sources */ = {isa = PBXBuildFile; fileRef = 871EFB7314AF97130030658B /* AFURLConnectionOperation.m */; settings = {COMPILER_FLAGS = "-fno-objc-arc"; }; };
		871EFBA514AF97130030658B /* AFXMLRequestOperation.m in Sources */ = {isa = PBXBuildFile; fileRef = 871EFB7514AF97130030658B /* AFXMLRequestOperation.m */; settings = {COMPILER_FLAGS = "-fno-objc-arc"; }; };
		871EFBA814AF97130030658B /* UIImageView+AFNetworking.m in Sources */ = {isa = PBXBuildFile; fileRef = 871EFB7914AF97130030658B /* UIImageView+AFNetworking.m */; settings = {COMPILER_FLAGS = "-fno-objc-arc"; }; };
		871EFBAB14AF97130030658B /* NSObject+SBJson.m in Sources */ = {isa = PBXBuildFile; fileRef = 871EFB7E14AF97130030658B /* NSObject+SBJson.m */; };
		871EFBAD14AF97130030658B /* SBJsonParser.m in Sources */ = {isa = PBXBuildFile; fileRef = 871EFB8214AF97130030658B /* SBJsonParser.m */; };
		871EFBAE14AF97130030658B /* SBJsonStreamParser.m in Sources */ = {isa = PBXBuildFile; fileRef = 871EFB8414AF97130030658B /* SBJsonStreamParser.m */; };
		871EFBAF14AF97130030658B /* SBJsonStreamParserAccumulator.m in Sources */ = {isa = PBXBuildFile; fileRef = 871EFB8614AF97130030658B /* SBJsonStreamParserAccumulator.m */; };
		871EFBB014AF97130030658B /* SBJsonStreamParserAdapter.m in Sources */ = {isa = PBXBuildFile; fileRef = 871EFB8814AF97130030658B /* SBJsonStreamParserAdapter.m */; };
		871EFBB114AF97130030658B /* SBJsonStreamParserState.m in Sources */ = {isa = PBXBuildFile; fileRef = 871EFB8A14AF97130030658B /* SBJsonStreamParserState.m */; };
		871EFBB214AF97130030658B /* SBJsonStreamWriter.m in Sources */ = {isa = PBXBuildFile; fileRef = 871EFB8C14AF97130030658B /* SBJsonStreamWriter.m */; };
		871EFBB314AF97130030658B /* SBJsonStreamWriterAccumulator.m in Sources */ = {isa = PBXBuildFile; fileRef = 871EFB8E14AF97130030658B /* SBJsonStreamWriterAccumulator.m */; };
		871EFBB414AF97130030658B /* SBJsonStreamWriterState.m in Sources */ = {isa = PBXBuildFile; fileRef = 871EFB9014AF97130030658B /* SBJsonStreamWriterState.m */; };
		871EFBB514AF97130030658B /* SBJsonTokeniser.m in Sources */ = {isa = PBXBuildFile; fileRef = 871EFB9214AF97130030658B /* SBJsonTokeniser.m */; };
		871EFBB614AF97130030658B /* SBJsonUTF8Stream.m in Sources */ = {isa = PBXBuildFile; fileRef = 871EFB9414AF97130030658B /* SBJsonUTF8Stream.m */; };
		871EFBB714AF97130030658B /* SBJsonWriter.m in Sources */ = {isa = PBXBuildFile; fileRef = 871EFB9614AF97130030658B /* SBJsonWriter.m */; };
		871EFBBA14AF97130030658B /* SVProgressHUD.bundle in Resources */ = {isa = PBXBuildFile; fileRef = 871EFB9A14AF97130030658B /* SVProgressHUD.bundle */; };
		871EFBBB14AF97130030658B /* SVProgressHUD.m in Sources */ = {isa = PBXBuildFile; fileRef = 871EFB9C14AF97130030658B /* SVProgressHUD.m */; };
		871EFBBF14AF987B0030658B /* MapTabController.m in Sources */ = {isa = PBXBuildFile; fileRef = 871EFBBE14AF987B0030658B /* MapTabController.m */; };
/* End PBXBuildFile section */

/* Begin PBXContainerItemProxy section */
		871EFB3A14AE9C820030658B /* PBXContainerItemProxy */ = {
			isa = PBXContainerItemProxy;
			containerPortal = 871EFAFD14AE9C810030658B /* Project object */;
			proxyType = 1;
			remoteGlobalIDString = 871EFB0514AE9C820030658B;
			remoteInfo = candpiosapp;
		};
/* End PBXContainerItemProxy section */

/* Begin PBXFileReference section */
		871EFB0614AE9C820030658B /* candp.app */ = {isa = PBXFileReference; explicitFileType = wrapper.application; includeInIndex = 0; path = candp.app; sourceTree = BUILT_PRODUCTS_DIR; };
		871EFB0A14AE9C820030658B /* UIKit.framework */ = {isa = PBXFileReference; lastKnownFileType = wrapper.framework; name = UIKit.framework; path = System/Library/Frameworks/UIKit.framework; sourceTree = SDKROOT; };
		871EFB0C14AE9C820030658B /* Foundation.framework */ = {isa = PBXFileReference; lastKnownFileType = wrapper.framework; name = Foundation.framework; path = System/Library/Frameworks/Foundation.framework; sourceTree = SDKROOT; };
		871EFB0E14AE9C820030658B /* CoreGraphics.framework */ = {isa = PBXFileReference; lastKnownFileType = wrapper.framework; name = CoreGraphics.framework; path = System/Library/Frameworks/CoreGraphics.framework; sourceTree = SDKROOT; };
		871EFB1214AE9C820030658B /* candpiosapp-Info.plist */ = {isa = PBXFileReference; lastKnownFileType = text.plist.xml; path = "candpiosapp-Info.plist"; sourceTree = "<group>"; };
		871EFB1414AE9C820030658B /* en */ = {isa = PBXFileReference; lastKnownFileType = text.plist.strings; name = en; path = en.lproj/InfoPlist.strings; sourceTree = "<group>"; };
		871EFB1614AE9C820030658B /* main.m */ = {isa = PBXFileReference; lastKnownFileType = sourcecode.c.objc; path = main.m; sourceTree = "<group>"; };
		871EFB1814AE9C820030658B /* candpiosapp-Prefix.pch */ = {isa = PBXFileReference; lastKnownFileType = sourcecode.c.h; path = "candpiosapp-Prefix.pch"; sourceTree = "<group>"; };
		871EFB1914AE9C820030658B /* AppDelegate.h */ = {isa = PBXFileReference; lastKnownFileType = sourcecode.c.h; path = AppDelegate.h; sourceTree = "<group>"; };
		871EFB1A14AE9C820030658B /* AppDelegate.m */ = {isa = PBXFileReference; lastKnownFileType = sourcecode.c.objc; path = AppDelegate.m; sourceTree = "<group>"; };
		871EFB1D14AE9C820030658B /* en */ = {isa = PBXFileReference; lastKnownFileType = file.storyboard; name = en; path = en.lproj/MainStoryboard_iPhone.storyboard; sourceTree = "<group>"; };
		871EFB3514AE9C820030658B /* candpiosappTests.octest */ = {isa = PBXFileReference; explicitFileType = wrapper.cfbundle; includeInIndex = 0; path = candpiosappTests.octest; sourceTree = BUILT_PRODUCTS_DIR; };
		871EFB3614AE9C820030658B /* SenTestingKit.framework */ = {isa = PBXFileReference; lastKnownFileType = wrapper.framework; name = SenTestingKit.framework; path = Library/Frameworks/SenTestingKit.framework; sourceTree = DEVELOPER_DIR; };
		871EFB3E14AE9C820030658B /* candpiosappTests-Info.plist */ = {isa = PBXFileReference; lastKnownFileType = text.plist.xml; path = "candpiosappTests-Info.plist"; sourceTree = "<group>"; };
		871EFB4014AE9C820030658B /* en */ = {isa = PBXFileReference; lastKnownFileType = text.plist.strings; name = en; path = en.lproj/InfoPlist.strings; sourceTree = "<group>"; };
		871EFB4214AE9C820030658B /* candpiosappTests.h */ = {isa = PBXFileReference; lastKnownFileType = sourcecode.c.h; path = candpiosappTests.h; sourceTree = "<group>"; };
		871EFB4314AE9C820030658B /* candpiosappTests.m */ = {isa = PBXFileReference; lastKnownFileType = sourcecode.c.objc; path = candpiosappTests.m; sourceTree = "<group>"; };
		871EFB5E14AEB4950030658B /* MapKit.framework */ = {isa = PBXFileReference; lastKnownFileType = wrapper.framework; name = MapKit.framework; path = System/Library/Frameworks/MapKit.framework; sourceTree = SDKROOT; };
		871EFB6214AF97130030658B /* AFHTTPClient.h */ = {isa = PBXFileReference; fileEncoding = 4; lastKnownFileType = sourcecode.c.h; path = AFHTTPClient.h; sourceTree = "<group>"; };
		871EFB6314AF97130030658B /* AFHTTPClient.m */ = {isa = PBXFileReference; fileEncoding = 4; lastKnownFileType = sourcecode.c.objc; path = AFHTTPClient.m; sourceTree = "<group>"; };
		871EFB6414AF97130030658B /* AFHTTPRequestOperation.h */ = {isa = PBXFileReference; fileEncoding = 4; lastKnownFileType = sourcecode.c.h; path = AFHTTPRequestOperation.h; sourceTree = "<group>"; };
		871EFB6514AF97130030658B /* AFHTTPRequestOperation.m */ = {isa = PBXFileReference; fileEncoding = 4; lastKnownFileType = sourcecode.c.objc; path = AFHTTPRequestOperation.m; sourceTree = "<group>"; };
		871EFB6614AF97130030658B /* AFImageCache.h */ = {isa = PBXFileReference; fileEncoding = 4; lastKnownFileType = sourcecode.c.h; path = AFImageCache.h; sourceTree = "<group>"; };
		871EFB6714AF97130030658B /* AFImageCache.m */ = {isa = PBXFileReference; fileEncoding = 4; lastKnownFileType = sourcecode.c.objc; path = AFImageCache.m; sourceTree = "<group>"; };
		871EFB6814AF97130030658B /* AFImageRequestOperation.h */ = {isa = PBXFileReference; fileEncoding = 4; lastKnownFileType = sourcecode.c.h; path = AFImageRequestOperation.h; sourceTree = "<group>"; };
		871EFB6914AF97130030658B /* AFImageRequestOperation.m */ = {isa = PBXFileReference; fileEncoding = 4; lastKnownFileType = sourcecode.c.objc; path = AFImageRequestOperation.m; sourceTree = "<group>"; };
		871EFB6A14AF97130030658B /* AFJSONRequestOperation.h */ = {isa = PBXFileReference; fileEncoding = 4; lastKnownFileType = sourcecode.c.h; path = AFJSONRequestOperation.h; sourceTree = "<group>"; };
		871EFB6B14AF97130030658B /* AFJSONRequestOperation.m */ = {isa = PBXFileReference; fileEncoding = 4; lastKnownFileType = sourcecode.c.objc; path = AFJSONRequestOperation.m; sourceTree = "<group>"; };
		871EFB6C14AF97130030658B /* AFJSONUtilities.h */ = {isa = PBXFileReference; fileEncoding = 4; lastKnownFileType = sourcecode.c.h; path = AFJSONUtilities.h; sourceTree = "<group>"; };
		871EFB6D14AF97130030658B /* AFNetworkActivityIndicatorManager.h */ = {isa = PBXFileReference; fileEncoding = 4; lastKnownFileType = sourcecode.c.h; path = AFNetworkActivityIndicatorManager.h; sourceTree = "<group>"; };
		871EFB6E14AF97130030658B /* AFNetworkActivityIndicatorManager.m */ = {isa = PBXFileReference; fileEncoding = 4; lastKnownFileType = sourcecode.c.objc; path = AFNetworkActivityIndicatorManager.m; sourceTree = "<group>"; };
		871EFB6F14AF97130030658B /* AFNetworking.h */ = {isa = PBXFileReference; fileEncoding = 4; lastKnownFileType = sourcecode.c.h; path = AFNetworking.h; sourceTree = "<group>"; };
		871EFB7014AF97130030658B /* AFPropertyListRequestOperation.h */ = {isa = PBXFileReference; fileEncoding = 4; lastKnownFileType = sourcecode.c.h; path = AFPropertyListRequestOperation.h; sourceTree = "<group>"; };
		871EFB7114AF97130030658B /* AFPropertyListRequestOperation.m */ = {isa = PBXFileReference; fileEncoding = 4; lastKnownFileType = sourcecode.c.objc; path = AFPropertyListRequestOperation.m; sourceTree = "<group>"; };
		871EFB7214AF97130030658B /* AFURLConnectionOperation.h */ = {isa = PBXFileReference; fileEncoding = 4; lastKnownFileType = sourcecode.c.h; path = AFURLConnectionOperation.h; sourceTree = "<group>"; };
		871EFB7314AF97130030658B /* AFURLConnectionOperation.m */ = {isa = PBXFileReference; fileEncoding = 4; lastKnownFileType = sourcecode.c.objc; path = AFURLConnectionOperation.m; sourceTree = "<group>"; };
		871EFB7414AF97130030658B /* AFXMLRequestOperation.h */ = {isa = PBXFileReference; fileEncoding = 4; lastKnownFileType = sourcecode.c.h; path = AFXMLRequestOperation.h; sourceTree = "<group>"; };
		871EFB7514AF97130030658B /* AFXMLRequestOperation.m */ = {isa = PBXFileReference; fileEncoding = 4; lastKnownFileType = sourcecode.c.objc; path = AFXMLRequestOperation.m; sourceTree = "<group>"; };
		871EFB7814AF97130030658B /* UIImageView+AFNetworking.h */ = {isa = PBXFileReference; fileEncoding = 4; lastKnownFileType = sourcecode.c.h; path = "UIImageView+AFNetworking.h"; sourceTree = "<group>"; };
		871EFB7914AF97130030658B /* UIImageView+AFNetworking.m */ = {isa = PBXFileReference; fileEncoding = 4; lastKnownFileType = sourcecode.c.objc; path = "UIImageView+AFNetworking.m"; sourceTree = "<group>"; };
		871EFB7D14AF97130030658B /* NSObject+SBJson.h */ = {isa = PBXFileReference; fileEncoding = 4; lastKnownFileType = sourcecode.c.h; path = "NSObject+SBJson.h"; sourceTree = "<group>"; };
		871EFB7E14AF97130030658B /* NSObject+SBJson.m */ = {isa = PBXFileReference; fileEncoding = 4; lastKnownFileType = sourcecode.c.objc; path = "NSObject+SBJson.m"; sourceTree = "<group>"; };
		871EFB8014AF97130030658B /* SBJson.h */ = {isa = PBXFileReference; fileEncoding = 4; lastKnownFileType = sourcecode.c.h; path = SBJson.h; sourceTree = "<group>"; };
		871EFB8114AF97130030658B /* SBJsonParser.h */ = {isa = PBXFileReference; fileEncoding = 4; lastKnownFileType = sourcecode.c.h; path = SBJsonParser.h; sourceTree = "<group>"; };
		871EFB8214AF97130030658B /* SBJsonParser.m */ = {isa = PBXFileReference; fileEncoding = 4; lastKnownFileType = sourcecode.c.objc; path = SBJsonParser.m; sourceTree = "<group>"; };
		871EFB8314AF97130030658B /* SBJsonStreamParser.h */ = {isa = PBXFileReference; fileEncoding = 4; lastKnownFileType = sourcecode.c.h; path = SBJsonStreamParser.h; sourceTree = "<group>"; };
		871EFB8414AF97130030658B /* SBJsonStreamParser.m */ = {isa = PBXFileReference; fileEncoding = 4; lastKnownFileType = sourcecode.c.objc; path = SBJsonStreamParser.m; sourceTree = "<group>"; };
		871EFB8514AF97130030658B /* SBJsonStreamParserAccumulator.h */ = {isa = PBXFileReference; fileEncoding = 4; lastKnownFileType = sourcecode.c.h; path = SBJsonStreamParserAccumulator.h; sourceTree = "<group>"; };
		871EFB8614AF97130030658B /* SBJsonStreamParserAccumulator.m */ = {isa = PBXFileReference; fileEncoding = 4; lastKnownFileType = sourcecode.c.objc; path = SBJsonStreamParserAccumulator.m; sourceTree = "<group>"; };
		871EFB8714AF97130030658B /* SBJsonStreamParserAdapter.h */ = {isa = PBXFileReference; fileEncoding = 4; lastKnownFileType = sourcecode.c.h; path = SBJsonStreamParserAdapter.h; sourceTree = "<group>"; };
		871EFB8814AF97130030658B /* SBJsonStreamParserAdapter.m */ = {isa = PBXFileReference; fileEncoding = 4; lastKnownFileType = sourcecode.c.objc; path = SBJsonStreamParserAdapter.m; sourceTree = "<group>"; };
		871EFB8914AF97130030658B /* SBJsonStreamParserState.h */ = {isa = PBXFileReference; fileEncoding = 4; lastKnownFileType = sourcecode.c.h; path = SBJsonStreamParserState.h; sourceTree = "<group>"; };
		871EFB8A14AF97130030658B /* SBJsonStreamParserState.m */ = {isa = PBXFileReference; fileEncoding = 4; lastKnownFileType = sourcecode.c.objc; path = SBJsonStreamParserState.m; sourceTree = "<group>"; };
		871EFB8B14AF97130030658B /* SBJsonStreamWriter.h */ = {isa = PBXFileReference; fileEncoding = 4; lastKnownFileType = sourcecode.c.h; path = SBJsonStreamWriter.h; sourceTree = "<group>"; };
		871EFB8C14AF97130030658B /* SBJsonStreamWriter.m */ = {isa = PBXFileReference; fileEncoding = 4; lastKnownFileType = sourcecode.c.objc; path = SBJsonStreamWriter.m; sourceTree = "<group>"; };
		871EFB8D14AF97130030658B /* SBJsonStreamWriterAccumulator.h */ = {isa = PBXFileReference; fileEncoding = 4; lastKnownFileType = sourcecode.c.h; path = SBJsonStreamWriterAccumulator.h; sourceTree = "<group>"; };
		871EFB8E14AF97130030658B /* SBJsonStreamWriterAccumulator.m */ = {isa = PBXFileReference; fileEncoding = 4; lastKnownFileType = sourcecode.c.objc; path = SBJsonStreamWriterAccumulator.m; sourceTree = "<group>"; };
		871EFB8F14AF97130030658B /* SBJsonStreamWriterState.h */ = {isa = PBXFileReference; fileEncoding = 4; lastKnownFileType = sourcecode.c.h; path = SBJsonStreamWriterState.h; sourceTree = "<group>"; };
		871EFB9014AF97130030658B /* SBJsonStreamWriterState.m */ = {isa = PBXFileReference; fileEncoding = 4; lastKnownFileType = sourcecode.c.objc; path = SBJsonStreamWriterState.m; sourceTree = "<group>"; };
		871EFB9114AF97130030658B /* SBJsonTokeniser.h */ = {isa = PBXFileReference; fileEncoding = 4; lastKnownFileType = sourcecode.c.h; path = SBJsonTokeniser.h; sourceTree = "<group>"; };
		871EFB9214AF97130030658B /* SBJsonTokeniser.m */ = {isa = PBXFileReference; fileEncoding = 4; lastKnownFileType = sourcecode.c.objc; path = SBJsonTokeniser.m; sourceTree = "<group>"; };
		871EFB9314AF97130030658B /* SBJsonUTF8Stream.h */ = {isa = PBXFileReference; fileEncoding = 4; lastKnownFileType = sourcecode.c.h; path = SBJsonUTF8Stream.h; sourceTree = "<group>"; };
		871EFB9414AF97130030658B /* SBJsonUTF8Stream.m */ = {isa = PBXFileReference; fileEncoding = 4; lastKnownFileType = sourcecode.c.objc; path = SBJsonUTF8Stream.m; sourceTree = "<group>"; };
		871EFB9514AF97130030658B /* SBJsonWriter.h */ = {isa = PBXFileReference; fileEncoding = 4; lastKnownFileType = sourcecode.c.h; path = SBJsonWriter.h; sourceTree = "<group>"; };
		871EFB9614AF97130030658B /* SBJsonWriter.m */ = {isa = PBXFileReference; fileEncoding = 4; lastKnownFileType = sourcecode.c.objc; path = SBJsonWriter.m; sourceTree = "<group>"; };
		871EFB9A14AF97130030658B /* SVProgressHUD.bundle */ = {isa = PBXFileReference; lastKnownFileType = "wrapper.plug-in"; path = SVProgressHUD.bundle; sourceTree = "<group>"; };
		871EFB9B14AF97130030658B /* SVProgressHUD.h */ = {isa = PBXFileReference; fileEncoding = 4; lastKnownFileType = sourcecode.c.h; path = SVProgressHUD.h; sourceTree = "<group>"; };
		871EFB9C14AF97130030658B /* SVProgressHUD.m */ = {isa = PBXFileReference; fileEncoding = 4; lastKnownFileType = sourcecode.c.objc; path = SVProgressHUD.m; sourceTree = "<group>"; };
		871EFBBD14AF987B0030658B /* MapTabController.h */ = {isa = PBXFileReference; fileEncoding = 4; lastKnownFileType = sourcecode.c.h; path = MapTabController.h; sourceTree = "<group>"; };
		871EFBBE14AF987B0030658B /* MapTabController.m */ = {isa = PBXFileReference; fileEncoding = 4; lastKnownFileType = sourcecode.c.objc; path = MapTabController.m; sourceTree = "<group>"; };
/* End PBXFileReference section */

/* Begin PBXFrameworksBuildPhase section */
		871EFB0314AE9C820030658B /* Frameworks */ = {
			isa = PBXFrameworksBuildPhase;
			buildActionMask = 2147483647;
			files = (
				871EFB5F14AEB4950030658B /* MapKit.framework in Frameworks */,
				871EFB0B14AE9C820030658B /* UIKit.framework in Frameworks */,
				871EFB0D14AE9C820030658B /* Foundation.framework in Frameworks */,
				871EFB0F14AE9C820030658B /* CoreGraphics.framework in Frameworks */,
			);
			runOnlyForDeploymentPostprocessing = 0;
		};
		871EFB3114AE9C820030658B /* Frameworks */ = {
			isa = PBXFrameworksBuildPhase;
			buildActionMask = 2147483647;
			files = (
				871EFB3714AE9C820030658B /* SenTestingKit.framework in Frameworks */,
				871EFB3814AE9C820030658B /* UIKit.framework in Frameworks */,
				871EFB3914AE9C820030658B /* Foundation.framework in Frameworks */,
			);
			runOnlyForDeploymentPostprocessing = 0;
		};
/* End PBXFrameworksBuildPhase section */

/* Begin PBXGroup section */
		871EFAFB14AE9C810030658B = {
			isa = PBXGroup;
			children = (
				871EFB1014AE9C820030658B /* candpiosapp */,
				871EFB3C14AE9C820030658B /* candpiosappTests */,
				871EFB0914AE9C820030658B /* Frameworks */,
				871EFB0714AE9C820030658B /* Products */,
			);
			sourceTree = "<group>";
		};
		871EFB0714AE9C820030658B /* Products */ = {
			isa = PBXGroup;
			children = (
				871EFB0614AE9C820030658B /* candp.app */,
				871EFB3514AE9C820030658B /* candpiosappTests.octest */,
			);
			name = Products;
			sourceTree = "<group>";
		};
		871EFB0914AE9C820030658B /* Frameworks */ = {
			isa = PBXGroup;
			children = (
				871EFB5E14AEB4950030658B /* MapKit.framework */,
				871EFB0A14AE9C820030658B /* UIKit.framework */,
				871EFB0C14AE9C820030658B /* Foundation.framework */,
				871EFB0E14AE9C820030658B /* CoreGraphics.framework */,
				871EFB3614AE9C820030658B /* SenTestingKit.framework */,
			);
			name = Frameworks;
			sourceTree = "<group>";
		};
		871EFB1014AE9C820030658B /* candpiosapp */ = {
			isa = PBXGroup;
			children = (
				871EFB6014AF97130030658B /* 3rdParty */,
				871EFB1914AE9C820030658B /* AppDelegate.h */,
				871EFB1A14AE9C820030658B /* AppDelegate.m */,
				871EFBBC14AF987B0030658B /* Views */,
				871EFB1C14AE9C820030658B /* MainStoryboard_iPhone.storyboard */,
				871EFB1114AE9C820030658B /* Supporting Files */,
			);
			path = candpiosapp;
			sourceTree = "<group>";
		};
		871EFB1114AE9C820030658B /* Supporting Files */ = {
			isa = PBXGroup;
			children = (
				871EFB1214AE9C820030658B /* candpiosapp-Info.plist */,
				871EFB1314AE9C820030658B /* InfoPlist.strings */,
				871EFB1614AE9C820030658B /* main.m */,
				871EFB1814AE9C820030658B /* candpiosapp-Prefix.pch */,
			);
			name = "Supporting Files";
			sourceTree = "<group>";
		};
		871EFB3C14AE9C820030658B /* candpiosappTests */ = {
			isa = PBXGroup;
			children = (
				871EFB4214AE9C820030658B /* candpiosappTests.h */,
				871EFB4314AE9C820030658B /* candpiosappTests.m */,
				871EFB3D14AE9C820030658B /* Supporting Files */,
			);
			path = candpiosappTests;
			sourceTree = "<group>";
		};
		871EFB3D14AE9C820030658B /* Supporting Files */ = {
			isa = PBXGroup;
			children = (
				871EFB3E14AE9C820030658B /* candpiosappTests-Info.plist */,
				871EFB3F14AE9C820030658B /* InfoPlist.strings */,
			);
			name = "Supporting Files";
			sourceTree = "<group>";
		};
		871EFB6014AF97130030658B /* 3rdParty */ = {
			isa = PBXGroup;
			children = (
				871EFB6114AF97130030658B /* AFNetworking */,
				871EFB7A14AF97130030658B /* SBJson */,
				871EFB9714AF97130030658B /* SVProgressHUD */,
			);
			path = 3rdParty;
			sourceTree = "<group>";
		};
		871EFB6114AF97130030658B /* AFNetworking */ = {
			isa = PBXGroup;
			children = (
				871EFB6214AF97130030658B /* AFHTTPClient.h */,
				871EFB6314AF97130030658B /* AFHTTPClient.m */,
				871EFB6414AF97130030658B /* AFHTTPRequestOperation.h */,
				871EFB6514AF97130030658B /* AFHTTPRequestOperation.m */,
				871EFB6614AF97130030658B /* AFImageCache.h */,
				871EFB6714AF97130030658B /* AFImageCache.m */,
				871EFB6814AF97130030658B /* AFImageRequestOperation.h */,
				871EFB6914AF97130030658B /* AFImageRequestOperation.m */,
				871EFB6A14AF97130030658B /* AFJSONRequestOperation.h */,
				871EFB6B14AF97130030658B /* AFJSONRequestOperation.m */,
				871EFB6C14AF97130030658B /* AFJSONUtilities.h */,
				871EFB6D14AF97130030658B /* AFNetworkActivityIndicatorManager.h */,
				871EFB6E14AF97130030658B /* AFNetworkActivityIndicatorManager.m */,
				871EFB6F14AF97130030658B /* AFNetworking.h */,
				871EFB7014AF97130030658B /* AFPropertyListRequestOperation.h */,
				871EFB7114AF97130030658B /* AFPropertyListRequestOperation.m */,
				871EFB7214AF97130030658B /* AFURLConnectionOperation.h */,
				871EFB7314AF97130030658B /* AFURLConnectionOperation.m */,
				871EFB7414AF97130030658B /* AFXMLRequestOperation.h */,
				871EFB7514AF97130030658B /* AFXMLRequestOperation.m */,
				871EFB7814AF97130030658B /* UIImageView+AFNetworking.h */,
				871EFB7914AF97130030658B /* UIImageView+AFNetworking.m */,
			);
			path = AFNetworking;
			sourceTree = "<group>";
		};
		871EFB7A14AF97130030658B /* SBJson */ = {
			isa = PBXGroup;
			children = (
				871EFB7D14AF97130030658B /* NSObject+SBJson.h */,
				871EFB7E14AF97130030658B /* NSObject+SBJson.m */,
				871EFB8014AF97130030658B /* SBJson.h */,
				871EFB8114AF97130030658B /* SBJsonParser.h */,
				871EFB8214AF97130030658B /* SBJsonParser.m */,
				871EFB8314AF97130030658B /* SBJsonStreamParser.h */,
				871EFB8414AF97130030658B /* SBJsonStreamParser.m */,
				871EFB8514AF97130030658B /* SBJsonStreamParserAccumulator.h */,
				871EFB8614AF97130030658B /* SBJsonStreamParserAccumulator.m */,
				871EFB8714AF97130030658B /* SBJsonStreamParserAdapter.h */,
				871EFB8814AF97130030658B /* SBJsonStreamParserAdapter.m */,
				871EFB8914AF97130030658B /* SBJsonStreamParserState.h */,
				871EFB8A14AF97130030658B /* SBJsonStreamParserState.m */,
				871EFB8B14AF97130030658B /* SBJsonStreamWriter.h */,
				871EFB8C14AF97130030658B /* SBJsonStreamWriter.m */,
				871EFB8D14AF97130030658B /* SBJsonStreamWriterAccumulator.h */,
				871EFB8E14AF97130030658B /* SBJsonStreamWriterAccumulator.m */,
				871EFB8F14AF97130030658B /* SBJsonStreamWriterState.h */,
				871EFB9014AF97130030658B /* SBJsonStreamWriterState.m */,
				871EFB9114AF97130030658B /* SBJsonTokeniser.h */,
				871EFB9214AF97130030658B /* SBJsonTokeniser.m */,
				871EFB9314AF97130030658B /* SBJsonUTF8Stream.h */,
				871EFB9414AF97130030658B /* SBJsonUTF8Stream.m */,
				871EFB9514AF97130030658B /* SBJsonWriter.h */,
				871EFB9614AF97130030658B /* SBJsonWriter.m */,
			);
			path = SBJson;
			sourceTree = "<group>";
		};
		871EFB9714AF97130030658B /* SVProgressHUD */ = {
			isa = PBXGroup;
			children = (
				871EFB9A14AF97130030658B /* SVProgressHUD.bundle */,
				871EFB9B14AF97130030658B /* SVProgressHUD.h */,
				871EFB9C14AF97130030658B /* SVProgressHUD.m */,
			);
			path = SVProgressHUD;
			sourceTree = "<group>";
		};
		871EFBBC14AF987B0030658B /* Views */ = {
			isa = PBXGroup;
			children = (
				871EFBBD14AF987B0030658B /* MapTabController.h */,
				871EFBBE14AF987B0030658B /* MapTabController.m */,
			);
			path = Views;
			sourceTree = "<group>";
		};
/* End PBXGroup section */

/* Begin PBXNativeTarget section */
		871EFB0514AE9C820030658B /* candp */ = {
			isa = PBXNativeTarget;
			buildConfigurationList = 871EFB4714AE9C820030658B /* Build configuration list for PBXNativeTarget "candp" */;
			buildPhases = (
				871EFB0214AE9C820030658B /* Sources */,
				871EFB0314AE9C820030658B /* Frameworks */,
				871EFB0414AE9C820030658B /* Resources */,
			);
			buildRules = (
			);
			dependencies = (
			);
			name = candp;
			productName = candpiosapp;
			productReference = 871EFB0614AE9C820030658B /* candp.app */;
			productType = "com.apple.product-type.application";
		};
		871EFB3414AE9C820030658B /* candpiosappTests */ = {
			isa = PBXNativeTarget;
			buildConfigurationList = 871EFB4A14AE9C820030658B /* Build configuration list for PBXNativeTarget "candpiosappTests" */;
			buildPhases = (
				871EFB3014AE9C820030658B /* Sources */,
				871EFB3114AE9C820030658B /* Frameworks */,
				871EFB3214AE9C820030658B /* Resources */,
				871EFB3314AE9C820030658B /* ShellScript */,
			);
			buildRules = (
			);
			dependencies = (
				871EFB3B14AE9C820030658B /* PBXTargetDependency */,
			);
			name = candpiosappTests;
			productName = candpiosappTests;
			productReference = 871EFB3514AE9C820030658B /* candpiosappTests.octest */;
			productType = "com.apple.product-type.bundle";
		};
/* End PBXNativeTarget section */

/* Begin PBXProject section */
		871EFAFD14AE9C810030658B /* Project object */ = {
			isa = PBXProject;
			attributes = {
				LastUpgradeCheck = 0420;
				ORGANIZATIONNAME = "Coffee and Power Inc";
			};
			buildConfigurationList = 871EFB0014AE9C810030658B /* Build configuration list for PBXProject "candpiosapp" */;
			compatibilityVersion = "Xcode 3.2";
			developmentRegion = English;
			hasScannedForEncodings = 0;
			knownRegions = (
				en,
			);
			mainGroup = 871EFAFB14AE9C810030658B;
			productRefGroup = 871EFB0714AE9C820030658B /* Products */;
			projectDirPath = "";
			projectRoot = "";
			targets = (
				871EFB0514AE9C820030658B /* candp */,
				871EFB3414AE9C820030658B /* candpiosappTests */,
			);
		};
/* End PBXProject section */

/* Begin PBXResourcesBuildPhase section */
		871EFB0414AE9C820030658B /* Resources */ = {
			isa = PBXResourcesBuildPhase;
			buildActionMask = 2147483647;
			files = (
				871EFB1514AE9C820030658B /* InfoPlist.strings in Resources */,
				871EFB1E14AE9C820030658B /* MainStoryboard_iPhone.storyboard in Resources */,
				871EFBBA14AF97130030658B /* SVProgressHUD.bundle in Resources */,
			);
			runOnlyForDeploymentPostprocessing = 0;
		};
		871EFB3214AE9C820030658B /* Resources */ = {
			isa = PBXResourcesBuildPhase;
			buildActionMask = 2147483647;
			files = (
				871EFB4114AE9C820030658B /* InfoPlist.strings in Resources */,
			);
			runOnlyForDeploymentPostprocessing = 0;
		};
/* End PBXResourcesBuildPhase section */

/* Begin PBXShellScriptBuildPhase section */
		871EFB3314AE9C820030658B /* ShellScript */ = {
			isa = PBXShellScriptBuildPhase;
			buildActionMask = 2147483647;
			files = (
			);
			inputPaths = (
			);
			outputPaths = (
			);
			runOnlyForDeploymentPostprocessing = 0;
			shellPath = /bin/sh;
			shellScript = "# Run the unit tests in this test bundle.\n\"${SYSTEM_DEVELOPER_DIR}/Tools/RunUnitTests\"\n";
		};
/* End PBXShellScriptBuildPhase section */

/* Begin PBXSourcesBuildPhase section */
		871EFB0214AE9C820030658B /* Sources */ = {
			isa = PBXSourcesBuildPhase;
			buildActionMask = 2147483647;
			files = (
				871EFB1714AE9C820030658B /* main.m in Sources */,
				871EFB1B14AE9C820030658B /* AppDelegate.m in Sources */,
				871EFB9D14AF97130030658B /* AFHTTPClient.m in Sources */,
				871EFB9E14AF97130030658B /* AFHTTPRequestOperation.m in Sources */,
				871EFB9F14AF97130030658B /* AFImageCache.m in Sources */,
				871EFBA014AF97130030658B /* AFImageRequestOperation.m in Sources */,
				871EFBA114AF97130030658B /* AFJSONRequestOperation.m in Sources */,
				871EFBA214AF97130030658B /* AFNetworkActivityIndicatorManager.m in Sources */,
				871EFBA314AF97130030658B /* AFPropertyListRequestOperation.m in Sources */,
				871EFBA414AF97130030658B /* AFURLConnectionOperation.m in Sources */,
				871EFBA514AF97130030658B /* AFXMLRequestOperation.m in Sources */,
				871EFBA814AF97130030658B /* UIImageView+AFNetworking.m in Sources */,
				871EFBAB14AF97130030658B /* NSObject+SBJson.m in Sources */,
				871EFBAD14AF97130030658B /* SBJsonParser.m in Sources */,
				871EFBAE14AF97130030658B /* SBJsonStreamParser.m in Sources */,
				871EFBAF14AF97130030658B /* SBJsonStreamParserAccumulator.m in Sources */,
				871EFBB014AF97130030658B /* SBJsonStreamParserAdapter.m in Sources */,
				871EFBB114AF97130030658B /* SBJsonStreamParserState.m in Sources */,
				871EFBB214AF97130030658B /* SBJsonStreamWriter.m in Sources */,
				871EFBB314AF97130030658B /* SBJsonStreamWriterAccumulator.m in Sources */,
				871EFBB414AF97130030658B /* SBJsonStreamWriterState.m in Sources */,
				871EFBB514AF97130030658B /* SBJsonTokeniser.m in Sources */,
				871EFBB614AF97130030658B /* SBJsonUTF8Stream.m in Sources */,
				871EFBB714AF97130030658B /* SBJsonWriter.m in Sources */,
				871EFBBB14AF97130030658B /* SVProgressHUD.m in Sources */,
				871EFBBF14AF987B0030658B /* MapTabController.m in Sources */,
			);
			runOnlyForDeploymentPostprocessing = 0;
		};
		871EFB3014AE9C820030658B /* Sources */ = {
			isa = PBXSourcesBuildPhase;
			buildActionMask = 2147483647;
			files = (
				871EFB4414AE9C820030658B /* candpiosappTests.m in Sources */,
			);
			runOnlyForDeploymentPostprocessing = 0;
		};
/* End PBXSourcesBuildPhase section */

/* Begin PBXTargetDependency section */
		871EFB3B14AE9C820030658B /* PBXTargetDependency */ = {
			isa = PBXTargetDependency;
			target = 871EFB0514AE9C820030658B /* candp */;
			targetProxy = 871EFB3A14AE9C820030658B /* PBXContainerItemProxy */;
		};
/* End PBXTargetDependency section */

/* Begin PBXVariantGroup section */
		871EFB1314AE9C820030658B /* InfoPlist.strings */ = {
			isa = PBXVariantGroup;
			children = (
				871EFB1414AE9C820030658B /* en */,
			);
			name = InfoPlist.strings;
			sourceTree = "<group>";
		};
		871EFB1C14AE9C820030658B /* MainStoryboard_iPhone.storyboard */ = {
			isa = PBXVariantGroup;
			children = (
				871EFB1D14AE9C820030658B /* en */,
			);
			name = MainStoryboard_iPhone.storyboard;
			sourceTree = "<group>";
		};
		871EFB3F14AE9C820030658B /* InfoPlist.strings */ = {
			isa = PBXVariantGroup;
			children = (
				871EFB4014AE9C820030658B /* en */,
			);
			name = InfoPlist.strings;
			sourceTree = "<group>";
		};
/* End PBXVariantGroup section */

/* Begin XCBuildConfiguration section */
		871EFB4514AE9C820030658B /* Debug */ = {
			isa = XCBuildConfiguration;
			buildSettings = {
				ALWAYS_SEARCH_USER_PATHS = NO;
				ARCHS = "$(ARCHS_STANDARD_32_BIT)";
				CLANG_ENABLE_OBJC_ARC = YES;
				"CODE_SIGN_IDENTITY[sdk=iphoneos*]" = "iPhone Developer";
				COPY_PHASE_STRIP = NO;
				GCC_C_LANGUAGE_STANDARD = gnu99;
				GCC_DYNAMIC_NO_PIC = NO;
				GCC_OPTIMIZATION_LEVEL = 0;
				GCC_PREPROCESSOR_DEFINITIONS = (
					"DEBUG=1",
					"$(inherited)",
				);
				GCC_SYMBOLS_PRIVATE_EXTERN = NO;
				GCC_VERSION = com.apple.compilers.llvm.clang.1_0;
				GCC_WARN_ABOUT_MISSING_PROTOTYPES = YES;
				GCC_WARN_ABOUT_RETURN_TYPE = YES;
				GCC_WARN_UNUSED_VARIABLE = YES;
				IPHONEOS_DEPLOYMENT_TARGET = 5.0;
				SDKROOT = iphoneos;
				TARGETED_DEVICE_FAMILY = "1,2";
			};
			name = Debug;
		};
		871EFB4614AE9C820030658B /* Release */ = {
			isa = XCBuildConfiguration;
			buildSettings = {
				ALWAYS_SEARCH_USER_PATHS = NO;
				ARCHS = "$(ARCHS_STANDARD_32_BIT)";
				CLANG_ENABLE_OBJC_ARC = YES;
				"CODE_SIGN_IDENTITY[sdk=iphoneos*]" = "iPhone Developer";
				COPY_PHASE_STRIP = YES;
				GCC_C_LANGUAGE_STANDARD = gnu99;
				GCC_VERSION = com.apple.compilers.llvm.clang.1_0;
				GCC_WARN_ABOUT_MISSING_PROTOTYPES = YES;
				GCC_WARN_ABOUT_RETURN_TYPE = YES;
				GCC_WARN_UNUSED_VARIABLE = YES;
				IPHONEOS_DEPLOYMENT_TARGET = 5.0;
				OTHER_CFLAGS = "-DNS_BLOCK_ASSERTIONS=1";
				SDKROOT = iphoneos;
				TARGETED_DEVICE_FAMILY = "1,2";
				VALIDATE_PRODUCT = YES;
			};
			name = Release;
		};
		871EFB4814AE9C820030658B /* Debug */ = {
			isa = XCBuildConfiguration;
			buildSettings = {
				GCC_PRECOMPILE_PREFIX_HEADER = YES;
				GCC_PREFIX_HEADER = "candpiosapp/candpiosapp-Prefix.pch";
				INFOPLIST_FILE = "candpiosapp/candpiosapp-Info.plist";
				PRODUCT_NAME = "$(TARGET_NAME)";
				WRAPPER_EXTENSION = app;
			};
			name = Debug;
		};
		871EFB4914AE9C820030658B /* Release */ = {
			isa = XCBuildConfiguration;
			buildSettings = {
				GCC_PRECOMPILE_PREFIX_HEADER = YES;
				GCC_PREFIX_HEADER = "candpiosapp/candpiosapp-Prefix.pch";
				INFOPLIST_FILE = "candpiosapp/candpiosapp-Info.plist";
				PRODUCT_NAME = "$(TARGET_NAME)";
				WRAPPER_EXTENSION = app;
			};
			name = Release;
		};
		871EFB4B14AE9C820030658B /* Debug */ = {
			isa = XCBuildConfiguration;
			buildSettings = {
				BUNDLE_LOADER = "$(BUILT_PRODUCTS_DIR)/candpiosapp.app/candpiosapp";
				FRAMEWORK_SEARCH_PATHS = (
					"$(SDKROOT)/Developer/Library/Frameworks",
					"$(DEVELOPER_LIBRARY_DIR)/Frameworks",
				);
				GCC_PRECOMPILE_PREFIX_HEADER = YES;
				GCC_PREFIX_HEADER = "candpiosapp/candpiosapp-Prefix.pch";
				INFOPLIST_FILE = "candpiosappTests/candpiosappTests-Info.plist";
				PRODUCT_NAME = "$(TARGET_NAME)";
				TEST_HOST = "$(BUNDLE_LOADER)";
				WRAPPER_EXTENSION = octest;
			};
			name = Debug;
		};
		871EFB4C14AE9C820030658B /* Release */ = {
			isa = XCBuildConfiguration;
			buildSettings = {
				BUNDLE_LOADER = "$(BUILT_PRODUCTS_DIR)/candpiosapp.app/candpiosapp";
				FRAMEWORK_SEARCH_PATHS = (
					"$(SDKROOT)/Developer/Library/Frameworks",
					"$(DEVELOPER_LIBRARY_DIR)/Frameworks",
				);
				GCC_PRECOMPILE_PREFIX_HEADER = YES;
				GCC_PREFIX_HEADER = "candpiosapp/candpiosapp-Prefix.pch";
				INFOPLIST_FILE = "candpiosappTests/candpiosappTests-Info.plist";
				PRODUCT_NAME = "$(TARGET_NAME)";
				TEST_HOST = "$(BUNDLE_LOADER)";
				WRAPPER_EXTENSION = octest;
			};
			name = Release;
		};
/* End XCBuildConfiguration section */

/* Begin XCConfigurationList section */
		871EFB0014AE9C810030658B /* Build configuration list for PBXProject "candpiosapp" */ = {
			isa = XCConfigurationList;
			buildConfigurations = (
				871EFB4514AE9C820030658B /* Debug */,
				871EFB4614AE9C820030658B /* Release */,
			);
			defaultConfigurationIsVisible = 0;
			defaultConfigurationName = Release;
		};
		871EFB4714AE9C820030658B /* Build configuration list for PBXNativeTarget "candp" */ = {
			isa = XCConfigurationList;
			buildConfigurations = (
				871EFB4814AE9C820030658B /* Debug */,
				871EFB4914AE9C820030658B /* Release */,
			);
			defaultConfigurationIsVisible = 0;
			defaultConfigurationName = Release;
		};
		871EFB4A14AE9C820030658B /* Build configuration list for PBXNativeTarget "candpiosappTests" */ = {
			isa = XCConfigurationList;
			buildConfigurations = (
				871EFB4B14AE9C820030658B /* Debug */,
				871EFB4C14AE9C820030658B /* Release */,
			);
			defaultConfigurationIsVisible = 0;
			defaultConfigurationName = Release;
		};
/* End XCConfigurationList section */
	};
	rootObject = 871EFAFD14AE9C810030658B /* Project object */;
}
