// !$*UTF8*$!
{
	archiveVersion = 1;
	classes = {
	};
	objectVersion = 46;
	objects = {

/* Begin PBXBuildFile section */
		87729209140D964300E3A8FD /* UIKit.framework in Frameworks */ = {isa = PBXBuildFile; fileRef = 87729208140D964300E3A8FD /* UIKit.framework */; };
		8772920B140D964300E3A8FD /* Foundation.framework in Frameworks */ = {isa = PBXBuildFile; fileRef = 8772920A140D964300E3A8FD /* Foundation.framework */; };
		8772920D140D964300E3A8FD /* CoreGraphics.framework in Frameworks */ = {isa = PBXBuildFile; fileRef = 8772920C140D964300E3A8FD /* CoreGraphics.framework */; };
		87729213140D964400E3A8FD /* InfoPlist.strings in Resources */ = {isa = PBXBuildFile; fileRef = 87729211140D964400E3A8FD /* InfoPlist.strings */; };
		87729215140D964400E3A8FD /* main.m in Sources */ = {isa = PBXBuildFile; fileRef = 87729214140D964400E3A8FD /* main.m */; };
		87729219140D964400E3A8FD /* candpwrapperappAppDelegate.m in Sources */ = {isa = PBXBuildFile; fileRef = 87729218140D964400E3A8FD /* candpwrapperappAppDelegate.m */; };
		8772921C140D964400E3A8FD /* MainWindow.xib in Resources */ = {isa = PBXBuildFile; fileRef = 8772921A140D964400E3A8FD /* MainWindow.xib */; };
		8772922A140D964400E3A8FD /* SenTestingKit.framework in Frameworks */ = {isa = PBXBuildFile; fileRef = 87729229140D964400E3A8FD /* SenTestingKit.framework */; };
		8772922B140D964400E3A8FD /* UIKit.framework in Frameworks */ = {isa = PBXBuildFile; fileRef = 87729208140D964300E3A8FD /* UIKit.framework */; };
		8772922C140D964400E3A8FD /* Foundation.framework in Frameworks */ = {isa = PBXBuildFile; fileRef = 8772920A140D964300E3A8FD /* Foundation.framework */; };
		8772922D140D964400E3A8FD /* CoreGraphics.framework in Frameworks */ = {isa = PBXBuildFile; fileRef = 8772920C140D964300E3A8FD /* CoreGraphics.framework */; };
		87729235140D964400E3A8FD /* InfoPlist.strings in Resources */ = {isa = PBXBuildFile; fileRef = 87729233140D964400E3A8FD /* InfoPlist.strings */; };
		87729237140D964400E3A8FD /* candpwrapperappTests.h in Resources */ = {isa = PBXBuildFile; fileRef = 87729236140D964400E3A8FD /* candpwrapperappTests.h */; };
		87729239140D964400E3A8FD /* candpwrapperappTests.m in Sources */ = {isa = PBXBuildFile; fileRef = 87729238140D964400E3A8FD /* candpwrapperappTests.m */; };
		87729245140D970400E3A8FD /* WebWrapperView.m in Sources */ = {isa = PBXBuildFile; fileRef = 87729243140D970400E3A8FD /* WebWrapperView.m */; };
		87729246140D970400E3A8FD /* WebWrapperView.xib in Resources */ = {isa = PBXBuildFile; fileRef = 87729244140D970400E3A8FD /* WebWrapperView.xib */; };
		8772924C140D9C7800E3A8FD /* Default@2x.png in Resources */ = {isa = PBXBuildFile; fileRef = 8772924B140D9C7800E3A8FD /* Default@2x.png */; };
		8772924E140D9D6A00E3A8FD /* Default.png in Resources */ = {isa = PBXBuildFile; fileRef = 8772924D140D9D6A00E3A8FD /* Default.png */; };
/* End PBXBuildFile section */

/* Begin PBXContainerItemProxy section */
		8772922E140D964400E3A8FD /* PBXContainerItemProxy */ = {
			isa = PBXContainerItemProxy;
			containerPortal = 877291FB140D964300E3A8FD /* Project object */;
			proxyType = 1;
			remoteGlobalIDString = 87729203140D964300E3A8FD;
			remoteInfo = candpwrapperapp;
		};
/* End PBXContainerItemProxy section */

/* Begin PBXFileReference section */
		87729204140D964300E3A8FD /* candp.app */ = {isa = PBXFileReference; explicitFileType = wrapper.application; includeInIndex = 0; path = candp.app; sourceTree = BUILT_PRODUCTS_DIR; };
		87729208140D964300E3A8FD /* UIKit.framework */ = {isa = PBXFileReference; lastKnownFileType = wrapper.framework; name = UIKit.framework; path = System/Library/Frameworks/UIKit.framework; sourceTree = SDKROOT; };
		8772920A140D964300E3A8FD /* Foundation.framework */ = {isa = PBXFileReference; lastKnownFileType = wrapper.framework; name = Foundation.framework; path = System/Library/Frameworks/Foundation.framework; sourceTree = SDKROOT; };
		8772920C140D964300E3A8FD /* CoreGraphics.framework */ = {isa = PBXFileReference; lastKnownFileType = wrapper.framework; name = CoreGraphics.framework; path = System/Library/Frameworks/CoreGraphics.framework; sourceTree = SDKROOT; };
		87729210140D964300E3A8FD /* candpwrapperapp-Info.plist */ = {isa = PBXFileReference; lastKnownFileType = text.plist.xml; path = "candpwrapperapp-Info.plist"; sourceTree = "<group>"; };
		87729212140D964400E3A8FD /* en */ = {isa = PBXFileReference; lastKnownFileType = text.plist.strings; name = en; path = en.lproj/InfoPlist.strings; sourceTree = "<group>"; };
		87729214140D964400E3A8FD /* main.m */ = {isa = PBXFileReference; lastKnownFileType = sourcecode.c.objc; path = main.m; sourceTree = "<group>"; };
		87729216140D964400E3A8FD /* candpwrapperapp-Prefix.pch */ = {isa = PBXFileReference; lastKnownFileType = sourcecode.c.h; path = "candpwrapperapp-Prefix.pch"; sourceTree = "<group>"; };
		87729217140D964400E3A8FD /* candpwrapperappAppDelegate.h */ = {isa = PBXFileReference; lastKnownFileType = sourcecode.c.h; path = candpwrapperappAppDelegate.h; sourceTree = "<group>"; };
		87729218140D964400E3A8FD /* candpwrapperappAppDelegate.m */ = {isa = PBXFileReference; lastKnownFileType = sourcecode.c.objc; path = candpwrapperappAppDelegate.m; sourceTree = "<group>"; };
		8772921B140D964400E3A8FD /* en */ = {isa = PBXFileReference; lastKnownFileType = file.xib; name = en; path = en.lproj/MainWindow.xib; sourceTree = "<group>"; };
		87729228140D964400E3A8FD /* candpwrapperappTests.octest */ = {isa = PBXFileReference; explicitFileType = wrapper.cfbundle; includeInIndex = 0; path = candpwrapperappTests.octest; sourceTree = BUILT_PRODUCTS_DIR; };
		87729229140D964400E3A8FD /* SenTestingKit.framework */ = {isa = PBXFileReference; lastKnownFileType = wrapper.framework; name = SenTestingKit.framework; path = Library/Frameworks/SenTestingKit.framework; sourceTree = DEVELOPER_DIR; };
		87729232140D964400E3A8FD /* candpwrapperappTests-Info.plist */ = {isa = PBXFileReference; lastKnownFileType = text.plist.xml; path = "candpwrapperappTests-Info.plist"; sourceTree = "<group>"; };
		87729234140D964400E3A8FD /* en */ = {isa = PBXFileReference; lastKnownFileType = text.plist.strings; name = en; path = en.lproj/InfoPlist.strings; sourceTree = "<group>"; };
		87729236140D964400E3A8FD /* candpwrapperappTests.h */ = {isa = PBXFileReference; lastKnownFileType = sourcecode.c.h; path = candpwrapperappTests.h; sourceTree = "<group>"; };
		87729238140D964400E3A8FD /* candpwrapperappTests.m */ = {isa = PBXFileReference; lastKnownFileType = sourcecode.c.objc; path = candpwrapperappTests.m; sourceTree = "<group>"; };
		87729242140D970400E3A8FD /* WebWrapperView.h */ = {isa = PBXFileReference; fileEncoding = 4; lastKnownFileType = sourcecode.c.h; path = WebWrapperView.h; sourceTree = "<group>"; };
		87729243140D970400E3A8FD /* WebWrapperView.m */ = {isa = PBXFileReference; fileEncoding = 4; lastKnownFileType = sourcecode.c.objc; path = WebWrapperView.m; sourceTree = "<group>"; };
		87729244140D970400E3A8FD /* WebWrapperView.xib */ = {isa = PBXFileReference; fileEncoding = 4; lastKnownFileType = file.xib; path = WebWrapperView.xib; sourceTree = "<group>"; };
		8772924B140D9C7800E3A8FD /* Default@2x.png */ = {isa = PBXFileReference; lastKnownFileType = image.png; path = "Default@2x.png"; sourceTree = "<group>"; };
		8772924D140D9D6A00E3A8FD /* Default.png */ = {isa = PBXFileReference; lastKnownFileType = image.png; path = Default.png; sourceTree = "<group>"; };
/* End PBXFileReference section */

/* Begin PBXFrameworksBuildPhase section */
		87729201140D964300E3A8FD /* Frameworks */ = {
			isa = PBXFrameworksBuildPhase;
			buildActionMask = 2147483647;
			files = (
				87729209140D964300E3A8FD /* UIKit.framework in Frameworks */,
				8772920B140D964300E3A8FD /* Foundation.framework in Frameworks */,
				8772920D140D964300E3A8FD /* CoreGraphics.framework in Frameworks */,
			);
			runOnlyForDeploymentPostprocessing = 0;
		};
		87729224140D964400E3A8FD /* Frameworks */ = {
			isa = PBXFrameworksBuildPhase;
			buildActionMask = 2147483647;
			files = (
				8772922A140D964400E3A8FD /* SenTestingKit.framework in Frameworks */,
				8772922B140D964400E3A8FD /* UIKit.framework in Frameworks */,
				8772922C140D964400E3A8FD /* Foundation.framework in Frameworks */,
				8772922D140D964400E3A8FD /* CoreGraphics.framework in Frameworks */,
			);
			runOnlyForDeploymentPostprocessing = 0;
		};
/* End PBXFrameworksBuildPhase section */

/* Begin PBXGroup section */
		877291F9140D964300E3A8FD = {
			isa = PBXGroup;
			children = (
				8772924D140D9D6A00E3A8FD /* Default.png */,
				8772924B140D9C7800E3A8FD /* Default@2x.png */,
				8772920E140D964300E3A8FD /* candpwrapperapp */,
				87729230140D964400E3A8FD /* candpwrapperappTests */,
				87729207140D964300E3A8FD /* Frameworks */,
				87729205140D964300E3A8FD /* Products */,
			);
			sourceTree = "<group>";
		};
		87729205140D964300E3A8FD /* Products */ = {
			isa = PBXGroup;
			children = (
				87729204140D964300E3A8FD /* candp.app */,
				87729228140D964400E3A8FD /* candpwrapperappTests.octest */,
			);
			name = Products;
			sourceTree = "<group>";
		};
		87729207140D964300E3A8FD /* Frameworks */ = {
			isa = PBXGroup;
			children = (
				87729208140D964300E3A8FD /* UIKit.framework */,
				8772920A140D964300E3A8FD /* Foundation.framework */,
				8772920C140D964300E3A8FD /* CoreGraphics.framework */,
				87729229140D964400E3A8FD /* SenTestingKit.framework */,
			);
			name = Frameworks;
			sourceTree = "<group>";
		};
		8772920E140D964300E3A8FD /* candpwrapperapp */ = {
			isa = PBXGroup;
			children = (
				87729217140D964400E3A8FD /* candpwrapperappAppDelegate.h */,
				87729218140D964400E3A8FD /* candpwrapperappAppDelegate.m */,
				8772921A140D964400E3A8FD /* MainWindow.xib */,
				8772920F140D964300E3A8FD /* Supporting Files */,
				87729242140D970400E3A8FD /* WebWrapperView.h */,
				87729243140D970400E3A8FD /* WebWrapperView.m */,
				87729244140D970400E3A8FD /* WebWrapperView.xib */,
			);
			path = candpwrapperapp;
			sourceTree = "<group>";
		};
		8772920F140D964300E3A8FD /* Supporting Files */ = {
			isa = PBXGroup;
			children = (
				87729210140D964300E3A8FD /* candpwrapperapp-Info.plist */,
				87729211140D964400E3A8FD /* InfoPlist.strings */,
				87729214140D964400E3A8FD /* main.m */,
				87729216140D964400E3A8FD /* candpwrapperapp-Prefix.pch */,
			);
			name = "Supporting Files";
			sourceTree = "<group>";
		};
		87729230140D964400E3A8FD /* candpwrapperappTests */ = {
			isa = PBXGroup;
			children = (
				87729236140D964400E3A8FD /* candpwrapperappTests.h */,
				87729238140D964400E3A8FD /* candpwrapperappTests.m */,
				87729231140D964400E3A8FD /* Supporting Files */,
			);
			path = candpwrapperappTests;
			sourceTree = "<group>";
		};
		87729231140D964400E3A8FD /* Supporting Files */ = {
			isa = PBXGroup;
			children = (
				87729232140D964400E3A8FD /* candpwrapperappTests-Info.plist */,
				87729233140D964400E3A8FD /* InfoPlist.strings */,
			);
			name = "Supporting Files";
			sourceTree = "<group>";
		};
/* End PBXGroup section */

/* Begin PBXNativeTarget section */
		87729203140D964300E3A8FD /* candp */ = {
			isa = PBXNativeTarget;
			buildConfigurationList = 8772923C140D964400E3A8FD /* Build configuration list for PBXNativeTarget "candp" */;
			buildPhases = (
				87729200140D964300E3A8FD /* Sources */,
				87729201140D964300E3A8FD /* Frameworks */,
				87729202140D964300E3A8FD /* Resources */,
			);
			buildRules = (
			);
			dependencies = (
			);
			name = candp;
			productName = candpwrapperapp;
			productReference = 87729204140D964300E3A8FD /* candp.app */;
			productType = "com.apple.product-type.application";
		};
		87729227140D964400E3A8FD /* candpwrapperappTests */ = {
			isa = PBXNativeTarget;
			buildConfigurationList = 8772923F140D964400E3A8FD /* Build configuration list for PBXNativeTarget "candpwrapperappTests" */;
			buildPhases = (
				87729223140D964400E3A8FD /* Sources */,
				87729224140D964400E3A8FD /* Frameworks */,
				87729225140D964400E3A8FD /* Resources */,
				87729226140D964400E3A8FD /* ShellScript */,
			);
			buildRules = (
			);
			dependencies = (
				8772922F140D964400E3A8FD /* PBXTargetDependency */,
			);
			name = candpwrapperappTests;
			productName = candpwrapperappTests;
			productReference = 87729228140D964400E3A8FD /* candpwrapperappTests.octest */;
			productType = "com.apple.product-type.bundle";
		};
/* End PBXNativeTarget section */

/* Begin PBXProject section */
		877291FB140D964300E3A8FD /* Project object */ = {
			isa = PBXProject;
			attributes = {
				ORGANIZATIONNAME = "Mindful Bear Apps";
			};
			buildConfigurationList = 877291FE140D964300E3A8FD /* Build configuration list for PBXProject "candpwrapperapp" */;
			compatibilityVersion = "Xcode 3.2";
			developmentRegion = English;
			hasScannedForEncodings = 0;
			knownRegions = (
				en,
			);
			mainGroup = 877291F9140D964300E3A8FD;
			productRefGroup = 87729205140D964300E3A8FD /* Products */;
			projectDirPath = "";
			projectRoot = "";
			targets = (
				87729203140D964300E3A8FD /* candp */,
				87729227140D964400E3A8FD /* candpwrapperappTests */,
			);
		};
/* End PBXProject section */

/* Begin PBXResourcesBuildPhase section */
		87729202140D964300E3A8FD /* Resources */ = {
			isa = PBXResourcesBuildPhase;
			buildActionMask = 2147483647;
			files = (
				87729213140D964400E3A8FD /* InfoPlist.strings in Resources */,
				8772921C140D964400E3A8FD /* MainWindow.xib in Resources */,
				87729246140D970400E3A8FD /* WebWrapperView.xib in Resources */,
				8772924C140D9C7800E3A8FD /* Default@2x.png in Resources */,
				8772924E140D9D6A00E3A8FD /* Default.png in Resources */,
			);
			runOnlyForDeploymentPostprocessing = 0;
		};
		87729225140D964400E3A8FD /* Resources */ = {
			isa = PBXResourcesBuildPhase;
			buildActionMask = 2147483647;
			files = (
				87729235140D964400E3A8FD /* InfoPlist.strings in Resources */,
				87729237140D964400E3A8FD /* candpwrapperappTests.h in Resources */,
			);
			runOnlyForDeploymentPostprocessing = 0;
		};
/* End PBXResourcesBuildPhase section */

/* Begin PBXShellScriptBuildPhase section */
		87729226140D964400E3A8FD /* ShellScript */ = {
			isa = PBXShellScriptBuildPhase;
			buildActionMask = 2147483647;
			files = (
			);
			inputPaths = (
			);
			outputPaths = (
			);
			runOnlyForDeploymentPostprocessing = 0;
			shellPath = /bin/sh;
			shellScript = "# Run the unit tests in this test bundle.\n\"${SYSTEM_DEVELOPER_DIR}/Tools/RunUnitTests\"\n";
		};
/* End PBXShellScriptBuildPhase section */

/* Begin PBXSourcesBuildPhase section */
		87729200140D964300E3A8FD /* Sources */ = {
			isa = PBXSourcesBuildPhase;
			buildActionMask = 2147483647;
			files = (
				87729215140D964400E3A8FD /* main.m in Sources */,
				87729219140D964400E3A8FD /* candpwrapperappAppDelegate.m in Sources */,
				87729245140D970400E3A8FD /* WebWrapperView.m in Sources */,
			);
			runOnlyForDeploymentPostprocessing = 0;
		};
		87729223140D964400E3A8FD /* Sources */ = {
			isa = PBXSourcesBuildPhase;
			buildActionMask = 2147483647;
			files = (
				87729239140D964400E3A8FD /* candpwrapperappTests.m in Sources */,
			);
			runOnlyForDeploymentPostprocessing = 0;
		};
/* End PBXSourcesBuildPhase section */

/* Begin PBXTargetDependency section */
		8772922F140D964400E3A8FD /* PBXTargetDependency */ = {
			isa = PBXTargetDependency;
			target = 87729203140D964300E3A8FD /* candp */;
			targetProxy = 8772922E140D964400E3A8FD /* PBXContainerItemProxy */;
		};
/* End PBXTargetDependency section */

/* Begin PBXVariantGroup section */
		87729211140D964400E3A8FD /* InfoPlist.strings */ = {
			isa = PBXVariantGroup;
			children = (
				87729212140D964400E3A8FD /* en */,
			);
			name = InfoPlist.strings;
			sourceTree = "<group>";
		};
		8772921A140D964400E3A8FD /* MainWindow.xib */ = {
			isa = PBXVariantGroup;
			children = (
				8772921B140D964400E3A8FD /* en */,
			);
			name = MainWindow.xib;
			sourceTree = "<group>";
		};
		87729233140D964400E3A8FD /* InfoPlist.strings */ = {
			isa = PBXVariantGroup;
			children = (
				87729234140D964400E3A8FD /* en */,
			);
			name = InfoPlist.strings;
			sourceTree = "<group>";
		};
/* End PBXVariantGroup section */

/* Begin XCBuildConfiguration section */
		8772923A140D964400E3A8FD /* Debug */ = {
			isa = XCBuildConfiguration;
			buildSettings = {
				ALWAYS_SEARCH_USER_PATHS = NO;
				ARCHS = "$(ARCHS_STANDARD_32_BIT)";
				"CODE_SIGN_IDENTITY[sdk=iphoneos*]" = "iPhone Developer";
				COPY_PHASE_STRIP = NO;
				GCC_C_LANGUAGE_STANDARD = gnu99;
				GCC_DYNAMIC_NO_PIC = NO;
				GCC_OPTIMIZATION_LEVEL = 0;
				GCC_PREPROCESSOR_DEFINITIONS = (
					"DEBUG=1",
					"$(inherited)",
				);
				GCC_SYMBOLS_PRIVATE_EXTERN = NO;
				GCC_VERSION = com.apple.compilers.llvmgcc42;
				GCC_WARN_ABOUT_MISSING_PROTOTYPES = YES;
				GCC_WARN_ABOUT_RETURN_TYPE = YES;
				GCC_WARN_UNUSED_VARIABLE = YES;
				IPHONEOS_DEPLOYMENT_TARGET = 4.3;
				SDKROOT = iphoneos;
			};
			name = Debug;
		};
		8772923B140D964400E3A8FD /* Release */ = {
			isa = XCBuildConfiguration;
			buildSettings = {
				ALWAYS_SEARCH_USER_PATHS = NO;
				ARCHS = "$(ARCHS_STANDARD_32_BIT)";
				"CODE_SIGN_IDENTITY[sdk=iphoneos*]" = "iPhone Developer";
				COPY_PHASE_STRIP = YES;
				GCC_C_LANGUAGE_STANDARD = gnu99;
				GCC_VERSION = com.apple.compilers.llvmgcc42;
				GCC_WARN_ABOUT_MISSING_PROTOTYPES = YES;
				GCC_WARN_ABOUT_RETURN_TYPE = YES;
				GCC_WARN_UNUSED_VARIABLE = YES;
				IPHONEOS_DEPLOYMENT_TARGET = 4.3;
				OTHER_CFLAGS = "-DNS_BLOCK_ASSERTIONS=1";
				SDKROOT = iphoneos;
				VALIDATE_PRODUCT = YES;
			};
			name = Release;
		};
		8772923D140D964400E3A8FD /* Debug */ = {
			isa = XCBuildConfiguration;
			buildSettings = {
				GCC_PRECOMPILE_PREFIX_HEADER = YES;
				GCC_PREFIX_HEADER = "candpwrapperapp/candpwrapperapp-Prefix.pch";
				INFOPLIST_FILE = "candpwrapperapp/candpwrapperapp-Info.plist";
				IPHONEOS_DEPLOYMENT_TARGET = 4.3;
				PRODUCT_NAME = "$(TARGET_NAME)";
				TARGETED_DEVICE_FAMILY = "1,2";
				WRAPPER_EXTENSION = app;
			};
			name = Debug;
		};
		8772923E140D964400E3A8FD /* Release */ = {
			isa = XCBuildConfiguration;
			buildSettings = {
				GCC_PRECOMPILE_PREFIX_HEADER = YES;
				GCC_PREFIX_HEADER = "candpwrapperapp/candpwrapperapp-Prefix.pch";
				INFOPLIST_FILE = "candpwrapperapp/candpwrapperapp-Info.plist";
				IPHONEOS_DEPLOYMENT_TARGET = 4.3;
				PRODUCT_NAME = "$(TARGET_NAME)";
				TARGETED_DEVICE_FAMILY = "1,2";
				WRAPPER_EXTENSION = app;
			};
			name = Release;
		};
		87729240140D964400E3A8FD /* Debug */ = {
			isa = XCBuildConfiguration;
			buildSettings = {
				BUNDLE_LOADER = "$(BUILT_PRODUCTS_DIR)/candpwrapperapp.app/candpwrapperapp";
				FRAMEWORK_SEARCH_PATHS = (
					"$(SDKROOT)/Developer/Library/Frameworks",
					"$(DEVELOPER_LIBRARY_DIR)/Frameworks",
				);
				GCC_PRECOMPILE_PREFIX_HEADER = YES;
				GCC_PREFIX_HEADER = "candpwrapperapp/candpwrapperapp-Prefix.pch";
				INFOPLIST_FILE = "candpwrapperappTests/candpwrapperappTests-Info.plist";
				PRODUCT_NAME = "$(TARGET_NAME)";
				TEST_HOST = "$(BUNDLE_LOADER)";
				WRAPPER_EXTENSION = octest;
			};
			name = Debug;
		};
		87729241140D964400E3A8FD /* Release */ = {
			isa = XCBuildConfiguration;
			buildSettings = {
				BUNDLE_LOADER = "$(BUILT_PRODUCTS_DIR)/candpwrapperapp.app/candpwrapperapp";
				FRAMEWORK_SEARCH_PATHS = (
					"$(SDKROOT)/Developer/Library/Frameworks",
					"$(DEVELOPER_LIBRARY_DIR)/Frameworks",
				);
				GCC_PRECOMPILE_PREFIX_HEADER = YES;
				GCC_PREFIX_HEADER = "candpwrapperapp/candpwrapperapp-Prefix.pch";
				INFOPLIST_FILE = "candpwrapperappTests/candpwrapperappTests-Info.plist";
				PRODUCT_NAME = "$(TARGET_NAME)";
				TEST_HOST = "$(BUNDLE_LOADER)";
				WRAPPER_EXTENSION = octest;
			};
			name = Release;
		};
/* End XCBuildConfiguration section */

/* Begin XCConfigurationList section */
		877291FE140D964300E3A8FD /* Build configuration list for PBXProject "candpwrapperapp" */ = {
			isa = XCConfigurationList;
			buildConfigurations = (
				8772923A140D964400E3A8FD /* Debug */,
				8772923B140D964400E3A8FD /* Release */,
			);
			defaultConfigurationIsVisible = 0;
			defaultConfigurationName = Release;
		};
		8772923C140D964400E3A8FD /* Build configuration list for PBXNativeTarget "candp" */ = {
			isa = XCConfigurationList;
			buildConfigurations = (
				8772923D140D964400E3A8FD /* Debug */,
				8772923E140D964400E3A8FD /* Release */,
			);
			defaultConfigurationIsVisible = 0;
		};
		8772923F140D964400E3A8FD /* Build configuration list for PBXNativeTarget "candpwrapperappTests" */ = {
			isa = XCConfigurationList;
			buildConfigurations = (
				87729240140D964400E3A8FD /* Debug */,
				87729241140D964400E3A8FD /* Release */,
			);
			defaultConfigurationIsVisible = 0;
		};
/* End XCConfigurationList section */
	};
	rootObject = 877291FB140D964300E3A8FD /* Project object */;
}
